
Microsoft Visual Studio Solution File, Format Version 11.00
# Visual Studio 2010
Project("{8BC9CEB8-8B4A-11D0-8D11-00A0C91BC942}") = "App_BulletExampleBrowser", "App_BulletExampleBrowser.vcxproj", "{DD705801-2033-0143-8DC8-F2C68B8A2729}"
	ProjectSection(ProjectDependencies) = postProject
		{D6AE00CA-9C35-FE47-B380-F8F260F40E08} = {D6AE00CA-9C35-FE47-B380-F8F260F40E08}
		{48F86052-258C-D541-B74A-CD6643E0CF01} = {48F86052-258C-D541-B74A-CD6643E0CF01}
		{62CBA55B-72E3-9E45-AB8D-28F9C3900F20} = {62CBA55B-72E3-9E45-AB8D-28F9C3900F20}
		{49444FD5-ABFC-A44B-ADFC-9473830125BD} = {49444FD5-ABFC-A44B-ADFC-9473830125BD}
		{F0E4CF3E-402A-6740-89FC-528F5A9FAFBE} = {F0E4CF3E-402A-6740-89FC-528F5A9FAFBE}
		{DA7E712A-5403-BE4C-AFDB-F62DB3FEABB0} = {DA7E712A-5403-BE4C-AFDB-F62DB3FEABB0}
		{EC85915B-C455-1E49-8D2B-F237B3A233CA} = {EC85915B-C455-1E49-8D2B-F237B3A233CA}
		{A641EB31-EA20-C441-905B-DDD5A8482E57} = {A641EB31-EA20-C441-905B-DDD5A8482E57}
		{2C578EC8-D9E2-A34A-8B95-6B41624B9092} = {2C578EC8-D9E2-A34A-8B95-6B41624B9092}
		{1BF47B75-0900-564E-8668-475EB6E9F839} = {1BF47B75-0900-564E-8668-475EB6E9F839}
		{1F16D418-1BD1-FE49-8900-6C08C00569A9} = {1F16D418-1BD1-FE49-8900-6C08C00569A9}
		{348E567A-7DD4-4F41-82DD-124C0086090E} = {348E567A-7DD4-4F41-82DD-124C0086090E}
		{FFD1D842-DB9E-2D44-9B59-6F81959AA06C} = {FFD1D842-DB9E-2D44-9B59-6F81959AA06C}
		{AE294415-0EB7-F54B-A120-9A7134B505F4} = {AE294415-0EB7-F54B-A120-9A7134B505F4}
		{AF82867E-4DA4-3B41-A7B8-6012A9177CA4} = {AF82867E-4DA4-3B41-A7B8-6012A9177CA4}
	EndProjectSection
EndProject
Project("{8BC9CEB8-8B4A-11D0-8D11-00A0C91BC942}") = "BulletExampleBrowserLib", "BulletExampleBrowserLib.vcxproj", "{D6AE00CA-9C35-FE47-B380-F8F260F40E08}"
EndProject
Project("{8BC9CEB8-8B4A-11D0-8D11-00A0C91BC942}") = "App_RobotSimulator", "App_RobotSimulator.vcxproj", "{7E12B1E8-E727-E149-BC63-B1E1598D5270}"
	ProjectSection(ProjectDependencies) = postProject
		{02D019D3-2528-784C-9CBE-AEA15609DE52} = {02D019D3-2528-784C-9CBE-AEA15609DE52}
		{D6AE00CA-9C35-FE47-B380-F8F260F40E08} = {D6AE00CA-9C35-FE47-B380-F8F260F40E08}
		{48F86052-258C-D541-B74A-CD6643E0CF01} = {48F86052-258C-D541-B74A-CD6643E0CF01}
		{62CBA55B-72E3-9E45-AB8D-28F9C3900F20} = {62CBA55B-72E3-9E45-AB8D-28F9C3900F20}
		{C0C0E3E0-F4DB-8E45-BD0E-3F90337EB001} = {C0C0E3E0-F4DB-8E45-BD0E-3F90337EB001}
		{D12EE713-D8D3-8D4B-9631-A49FE44ED102} = {D12EE713-D8D3-8D4B-9631-A49FE44ED102}
		{49444FD5-ABFC-A44B-ADFC-9473830125BD} = {49444FD5-ABFC-A44B-ADFC-9473830125BD}
		{F0E4CF3E-402A-6740-89FC-528F5A9FAFBE} = {F0E4CF3E-402A-6740-89FC-528F5A9FAFBE}
		{DA7E712A-5403-BE4C-AFDB-F62DB3FEABB0} = {DA7E712A-5403-BE4C-AFDB-F62DB3FEABB0}
		{EC85915B-C455-1E49-8D2B-F237B3A233CA} = {EC85915B-C455-1E49-8D2B-F237B3A233CA}
		{A641EB31-EA20-C441-905B-DDD5A8482E57} = {A641EB31-EA20-C441-905B-DDD5A8482E57}
		{2C578EC8-D9E2-A34A-8B95-6B41624B9092} = {2C578EC8-D9E2-A34A-8B95-6B41624B9092}
		{1F16D418-1BD1-FE49-8900-6C08C00569A9} = {1F16D418-1BD1-FE49-8900-6C08C00569A9}
		{235302F6-36BC-EB45-A823-A85D2BC4E6B7} = {235302F6-36BC-EB45-A823-A85D2BC4E6B7}
		{36CE4533-ED70-9B4D-BF81-5A4C4516F7CC} = {36CE4533-ED70-9B4D-BF81-5A4C4516F7CC}
	EndProjectSection
EndProject
Project("{8BC9CEB8-8B4A-11D0-8D11-00A0C91BC942}") = "App_HelloBulletRobotics", "App_HelloBulletRobotics.vcxproj", "{CA44DBF4-B0FD-CE42-B1A3-488234635261}"
	ProjectSection(ProjectDependencies) = postProject
		{02D019D3-2528-784C-9CBE-AEA15609DE52} = {02D019D3-2528-784C-9CBE-AEA15609DE52}
		{C0C0E3E0-F4DB-8E45-BD0E-3F90337EB001} = {C0C0E3E0-F4DB-8E45-BD0E-3F90337EB001}
		{D12EE713-D8D3-8D4B-9631-A49FE44ED102} = {D12EE713-D8D3-8D4B-9631-A49FE44ED102}
		{49444FD5-ABFC-A44B-ADFC-9473830125BD} = {49444FD5-ABFC-A44B-ADFC-9473830125BD}
		{F0E4CF3E-402A-6740-89FC-528F5A9FAFBE} = {F0E4CF3E-402A-6740-89FC-528F5A9FAFBE}
		{DA7E712A-5403-BE4C-AFDB-F62DB3FEABB0} = {DA7E712A-5403-BE4C-AFDB-F62DB3FEABB0}
		{EC85915B-C455-1E49-8D2B-F237B3A233CA} = {EC85915B-C455-1E49-8D2B-F237B3A233CA}
		{A641EB31-EA20-C441-905B-DDD5A8482E57} = {A641EB31-EA20-C441-905B-DDD5A8482E57}
		{2C578EC8-D9E2-A34A-8B95-6B41624B9092} = {2C578EC8-D9E2-A34A-8B95-6B41624B9092}
		{1F16D418-1BD1-FE49-8900-6C08C00569A9} = {1F16D418-1BD1-FE49-8900-6C08C00569A9}
		{235302F6-36BC-EB45-A823-A85D2BC4E6B7} = {235302F6-36BC-EB45-A823-A85D2BC4E6B7}
		{36CE4533-ED70-9B4D-BF81-5A4C4516F7CC} = {36CE4533-ED70-9B4D-BF81-5A4C4516F7CC}
	EndProjectSection
EndProject
Project("{8BC9CEB8-8B4A-11D0-8D11-00A0C91BC942}") = "OpenGL_Window", "OpenGL_Window.vcxproj", "{62CBA55B-72E3-9E45-AB8D-28F9C3900F20}"
EndProject
Project("{8BC9CEB8-8B4A-11D0-8D11-00A0C91BC942}") = "gwen", "gwen.vcxproj", "{48F86052-258C-D541-B74A-CD6643E0CF01}"
EndProject
Project("{8BC9CEB8-8B4A-11D0-8D11-00A0C91BC942}") = "App_HelloWorld", "App_HelloWorld.vcxproj", "{C7420DCD-2100-6342-AC6F-FAE7A67E17D9}"
	ProjectSection(ProjectDependencies) = postProject
		{EC85915B-C455-1E49-8D2B-F237B3A233CA} = {EC85915B-C455-1E49-8D2B-F237B3A233CA}
		{A641EB31-EA20-C441-905B-DDD5A8482E57} = {A641EB31-EA20-C441-905B-DDD5A8482E57}
		{2C578EC8-D9E2-A34A-8B95-6B41624B9092} = {2C578EC8-D9E2-A34A-8B95-6B41624B9092}
	EndProjectSection
EndProject
Project("{8BC9CEB8-8B4A-11D0-8D11-00A0C91BC942}") = "App_PhysicsServer_SharedMemory", "App_PhysicsServer_SharedMemory.vcxproj", "{A76B7B13-49F2-B649-BF14-462C472C9335}"
	ProjectSection(ProjectDependencies) = postProject
		{49444FD5-ABFC-A44B-ADFC-9473830125BD} = {49444FD5-ABFC-A44B-ADFC-9473830125BD}
		{1F16D418-1BD1-FE49-8900-6C08C00569A9} = {1F16D418-1BD1-FE49-8900-6C08C00569A9}
		{F0E4CF3E-402A-6740-89FC-528F5A9FAFBE} = {F0E4CF3E-402A-6740-89FC-528F5A9FAFBE}
		{DA7E712A-5403-BE4C-AFDB-F62DB3FEABB0} = {DA7E712A-5403-BE4C-AFDB-F62DB3FEABB0}
		{EC85915B-C455-1E49-8D2B-F237B3A233CA} = {EC85915B-C455-1E49-8D2B-F237B3A233CA}
		{A641EB31-EA20-C441-905B-DDD5A8482E57} = {A641EB31-EA20-C441-905B-DDD5A8482E57}
		{2C578EC8-D9E2-A34A-8B95-6B41624B9092} = {2C578EC8-D9E2-A34A-8B95-6B41624B9092}
		{1BF47B75-0900-564E-8668-475EB6E9F839} = {1BF47B75-0900-564E-8668-475EB6E9F839}
	EndProjectSection
EndProject
Project("{8BC9CEB8-8B4A-11D0-8D11-00A0C91BC942}") = "App_PhysicsServer_SharedMemory_GUI", "App_PhysicsServer_SharedMemory_GUI.vcxproj", "{6D7FC0D0-E514-404F-A7A8-B2C8C6CA8F01}"
	ProjectSection(ProjectDependencies) = postProject
		{49444FD5-ABFC-A44B-ADFC-9473830125BD} = {49444FD5-ABFC-A44B-ADFC-9473830125BD}
		{F0E4CF3E-402A-6740-89FC-528F5A9FAFBE} = {F0E4CF3E-402A-6740-89FC-528F5A9FAFBE}
		{DA7E712A-5403-BE4C-AFDB-F62DB3FEABB0} = {DA7E712A-5403-BE4C-AFDB-F62DB3FEABB0}
		{EC85915B-C455-1E49-8D2B-F237B3A233CA} = {EC85915B-C455-1E49-8D2B-F237B3A233CA}
		{A641EB31-EA20-C441-905B-DDD5A8482E57} = {A641EB31-EA20-C441-905B-DDD5A8482E57}
		{2C578EC8-D9E2-A34A-8B95-6B41624B9092} = {2C578EC8-D9E2-A34A-8B95-6B41624B9092}
		{62CBA55B-72E3-9E45-AB8D-28F9C3900F20} = {62CBA55B-72E3-9E45-AB8D-28F9C3900F20}
		{1F16D418-1BD1-FE49-8900-6C08C00569A9} = {1F16D418-1BD1-FE49-8900-6C08C00569A9}
		{1BF47B75-0900-564E-8668-475EB6E9F839} = {1BF47B75-0900-564E-8668-475EB6E9F839}
	EndProjectSection
EndProject
Project("{8BC9CEB8-8B4A-11D0-8D11-00A0C91BC942}") = "App_PhysicsServer_SharedMemory_VR", "App_PhysicsServer_SharedMemory_VR.vcxproj", "{F2F48889-C29F-DE47-83C8-4B0A19BAA247}"
	ProjectSection(ProjectDependencies) = postProject
		{49444FD5-ABFC-A44B-ADFC-9473830125BD} = {49444FD5-ABFC-A44B-ADFC-9473830125BD}
		{F0E4CF3E-402A-6740-89FC-528F5A9FAFBE} = {F0E4CF3E-402A-6740-89FC-528F5A9FAFBE}
		{DA7E712A-5403-BE4C-AFDB-F62DB3FEABB0} = {DA7E712A-5403-BE4C-AFDB-F62DB3FEABB0}
		{1F16D418-1BD1-FE49-8900-6C08C00569A9} = {1F16D418-1BD1-FE49-8900-6C08C00569A9}
		{EC85915B-C455-1E49-8D2B-F237B3A233CA} = {EC85915B-C455-1E49-8D2B-F237B3A233CA}
		{A641EB31-EA20-C441-905B-DDD5A8482E57} = {A641EB31-EA20-C441-905B-DDD5A8482E57}
		{2C578EC8-D9E2-A34A-8B95-6B41624B9092} = {2C578EC8-D9E2-A34A-8B95-6B41624B9092}
		{62CBA55B-72E3-9E45-AB8D-28F9C3900F20} = {62CBA55B-72E3-9E45-AB8D-28F9C3900F20}
		{1BF47B75-0900-564E-8668-475EB6E9F839} = {1BF47B75-0900-564E-8668-475EB6E9F839}
	EndProjectSection
EndProject
Project("{8BC9CEB8-8B4A-11D0-8D11-00A0C91BC942}") = "App_PhysicsServerSharedMemoryBridgeUDP", "App_PhysicsServerSharedMemoryBridgeUDP.vcxproj", "{08088353-78E4-1848-81CC-6A8CA90BF469}"
	ProjectSection(ProjectDependencies) = postProject
		{235302F6-36BC-EB45-A823-A85D2BC4E6B7} = {235302F6-36BC-EB45-A823-A85D2BC4E6B7}
		{C0C0E3E0-F4DB-8E45-BD0E-3F90337EB001} = {C0C0E3E0-F4DB-8E45-BD0E-3F90337EB001}
		{1F16D418-1BD1-FE49-8900-6C08C00569A9} = {1F16D418-1BD1-FE49-8900-6C08C00569A9}
		{2C578EC8-D9E2-A34A-8B95-6B41624B9092} = {2C578EC8-D9E2-A34A-8B95-6B41624B9092}
	EndProjectSection
EndProject
Project("{8BC9CEB8-8B4A-11D0-8D11-00A0C91BC942}") = "App_PhysicsServerUDP", "App_PhysicsServerUDP.vcxproj", "{CB26886A-C37A-2742-B404-0C8816F0DE0C}"
	ProjectSection(ProjectDependencies) = postProject
		{235302F6-36BC-EB45-A823-A85D2BC4E6B7} = {235302F6-36BC-EB45-A823-A85D2BC4E6B7}
		{1F16D418-1BD1-FE49-8900-6C08C00569A9} = {1F16D418-1BD1-FE49-8900-6C08C00569A9}
		{F0E4CF3E-402A-6740-89FC-528F5A9FAFBE} = {F0E4CF3E-402A-6740-89FC-528F5A9FAFBE}
		{DA7E712A-5403-BE4C-AFDB-F62DB3FEABB0} = {DA7E712A-5403-BE4C-AFDB-F62DB3FEABB0}
		{49444FD5-ABFC-A44B-ADFC-9473830125BD} = {49444FD5-ABFC-A44B-ADFC-9473830125BD}
		{EC85915B-C455-1E49-8D2B-F237B3A233CA} = {EC85915B-C455-1E49-8D2B-F237B3A233CA}
		{A641EB31-EA20-C441-905B-DDD5A8482E57} = {A641EB31-EA20-C441-905B-DDD5A8482E57}
		{2C578EC8-D9E2-A34A-8B95-6B41624B9092} = {2C578EC8-D9E2-A34A-8B95-6B41624B9092}
		{1BF47B75-0900-564E-8668-475EB6E9F839} = {1BF47B75-0900-564E-8668-475EB6E9F839}
	EndProjectSection
EndProject
Project("{8BC9CEB8-8B4A-11D0-8D11-00A0C91BC942}") = "App_PhysicsServerSharedMemoryBridgeTCP", "App_PhysicsServerSharedMemoryBridgeTCP.vcxproj", "{940ED288-9A5E-BB41-BA4B-A08B6CC9C136}"
	ProjectSection(ProjectDependencies) = postProject
		{36CE4533-ED70-9B4D-BF81-5A4C4516F7CC} = {36CE4533-ED70-9B4D-BF81-5A4C4516F7CC}
		{C0C0E3E0-F4DB-8E45-BD0E-3F90337EB001} = {C0C0E3E0-F4DB-8E45-BD0E-3F90337EB001}
		{1F16D418-1BD1-FE49-8900-6C08C00569A9} = {1F16D418-1BD1-FE49-8900-6C08C00569A9}
		{2C578EC8-D9E2-A34A-8B95-6B41624B9092} = {2C578EC8-D9E2-A34A-8B95-6B41624B9092}
	EndProjectSection
EndProject
Project("{8BC9CEB8-8B4A-11D0-8D11-00A0C91BC942}") = "App_PhysicsServerTCP", "App_PhysicsServerTCP.vcxproj", "{F2F91EE6-3106-FC40-A968-890A7D8AB7CF}"
	ProjectSection(ProjectDependencies) = postProject
		{36CE4533-ED70-9B4D-BF81-5A4C4516F7CC} = {36CE4533-ED70-9B4D-BF81-5A4C4516F7CC}
		{1F16D418-1BD1-FE49-8900-6C08C00569A9} = {1F16D418-1BD1-FE49-8900-6C08C00569A9}
		{F0E4CF3E-402A-6740-89FC-528F5A9FAFBE} = {F0E4CF3E-402A-6740-89FC-528F5A9FAFBE}
		{DA7E712A-5403-BE4C-AFDB-F62DB3FEABB0} = {DA7E712A-5403-BE4C-AFDB-F62DB3FEABB0}
		{49444FD5-ABFC-A44B-ADFC-9473830125BD} = {49444FD5-ABFC-A44B-ADFC-9473830125BD}
		{EC85915B-C455-1E49-8D2B-F237B3A233CA} = {EC85915B-C455-1E49-8D2B-F237B3A233CA}
		{A641EB31-EA20-C441-905B-DDD5A8482E57} = {A641EB31-EA20-C441-905B-DDD5A8482E57}
		{2C578EC8-D9E2-A34A-8B95-6B41624B9092} = {2C578EC8-D9E2-A34A-8B95-6B41624B9092}
		{1BF47B75-0900-564E-8668-475EB6E9F839} = {1BF47B75-0900-564E-8668-475EB6E9F839}
	EndProjectSection
EndProject
Project("{8BC9CEB8-8B4A-11D0-8D11-00A0C91BC942}") = "pybullet_testplugin", "pybullet_testplugin.vcxproj", "{69A873E7-3261-EC4B-8542-D01DE5042950}"
	ProjectSection(ProjectDependencies) = postProject
		{C0C0E3E0-F4DB-8E45-BD0E-3F90337EB001} = {C0C0E3E0-F4DB-8E45-BD0E-3F90337EB001}
		{1F16D418-1BD1-FE49-8900-6C08C00569A9} = {1F16D418-1BD1-FE49-8900-6C08C00569A9}
		{2C578EC8-D9E2-A34A-8B95-6B41624B9092} = {2C578EC8-D9E2-A34A-8B95-6B41624B9092}
	EndProjectSection
EndProject
Project("{8BC9CEB8-8B4A-11D0-8D11-00A0C91BC942}") = "pybullet_vrSyncPlugin", "pybullet_vrSyncPlugin.vcxproj", "{047565DB-1905-F64C-93D8-8B6A81B2A5F5}"
	ProjectSection(ProjectDependencies) = postProject
		{C0C0E3E0-F4DB-8E45-BD0E-3F90337EB001} = {C0C0E3E0-F4DB-8E45-BD0E-3F90337EB001}
		{1F16D418-1BD1-FE49-8900-6C08C00569A9} = {1F16D418-1BD1-FE49-8900-6C08C00569A9}
		{2C578EC8-D9E2-A34A-8B95-6B41624B9092} = {2C578EC8-D9E2-A34A-8B95-6B41624B9092}
	EndProjectSection
EndProject
Project("{8BC9CEB8-8B4A-11D0-8D11-00A0C91BC942}") = "pybullet_tinyRendererPlugin", "pybullet_tinyRendererPlugin.vcxproj", "{0384AA68-BA82-A248-92DD-4454F03BBBDF}"
	ProjectSection(ProjectDependencies) = postProject
		{A641EB31-EA20-C441-905B-DDD5A8482E57} = {A641EB31-EA20-C441-905B-DDD5A8482E57}
		{1F16D418-1BD1-FE49-8900-6C08C00569A9} = {1F16D418-1BD1-FE49-8900-6C08C00569A9}
		{2C578EC8-D9E2-A34A-8B95-6B41624B9092} = {2C578EC8-D9E2-A34A-8B95-6B41624B9092}
	EndProjectSection
EndProject
Project("{8BC9CEB8-8B4A-11D0-8D11-00A0C91BC942}") = "pybullet_pdControlPlugin", "pybullet_pdControlPlugin.vcxproj", "{F70AB8E1-ABF2-A342-BA8D-C9FDBB31A24D}"
	ProjectSection(ProjectDependencies) = postProject
		{C0C0E3E0-F4DB-8E45-BD0E-3F90337EB001} = {C0C0E3E0-F4DB-8E45-BD0E-3F90337EB001}
		{1F16D418-1BD1-FE49-8900-6C08C00569A9} = {1F16D418-1BD1-FE49-8900-6C08C00569A9}
		{2C578EC8-D9E2-A34A-8B95-6B41624B9092} = {2C578EC8-D9E2-A34A-8B95-6B41624B9092}
	EndProjectSection
EndProject
Project("{8BC9CEB8-8B4A-11D0-8D11-00A0C91BC942}") = "pybullet_collisionFilterPlugin", "pybullet_collisionFilterPlugin.vcxproj", "{CA36C061-D292-B442-826D-433475F58744}"
	ProjectSection(ProjectDependencies) = postProject
		{C0C0E3E0-F4DB-8E45-BD0E-3F90337EB001} = {C0C0E3E0-F4DB-8E45-BD0E-3F90337EB001}
		{1F16D418-1BD1-FE49-8900-6C08C00569A9} = {1F16D418-1BD1-FE49-8900-6C08C00569A9}
		{2C578EC8-D9E2-A34A-8B95-6B41624B9092} = {2C578EC8-D9E2-A34A-8B95-6B41624B9092}
	EndProjectSection
EndProject
Project("{8BC9CEB8-8B4A-11D0-8D11-00A0C91BC942}") = "BussIK", "BussIK.vcxproj", "{1BF47B75-0900-564E-8668-475EB6E9F839}"
EndProject
Project("{8BC9CEB8-8B4A-11D0-8D11-00A0C91BC942}") = "pybullet", "pybullet.vcxproj", "{23231184-9973-6947-BBAB-13B653A7988B}"
	ProjectSection(ProjectDependencies) = postProject
		{D6AE00CA-9C35-FE47-B380-F8F260F40E08} = {D6AE00CA-9C35-FE47-B380-F8F260F40E08}
		{48F86052-258C-D541-B74A-CD6643E0CF01} = {48F86052-258C-D541-B74A-CD6643E0CF01}
		{C0C0E3E0-F4DB-8E45-BD0E-3F90337EB001} = {C0C0E3E0-F4DB-8E45-BD0E-3F90337EB001}
		{D12EE713-D8D3-8D4B-9631-A49FE44ED102} = {D12EE713-D8D3-8D4B-9631-A49FE44ED102}
		{62CBA55B-72E3-9E45-AB8D-28F9C3900F20} = {62CBA55B-72E3-9E45-AB8D-28F9C3900F20}
		{49444FD5-ABFC-A44B-ADFC-9473830125BD} = {49444FD5-ABFC-A44B-ADFC-9473830125BD}
		{F0E4CF3E-402A-6740-89FC-528F5A9FAFBE} = {F0E4CF3E-402A-6740-89FC-528F5A9FAFBE}
		{DA7E712A-5403-BE4C-AFDB-F62DB3FEABB0} = {DA7E712A-5403-BE4C-AFDB-F62DB3FEABB0}
		{EC85915B-C455-1E49-8D2B-F237B3A233CA} = {EC85915B-C455-1E49-8D2B-F237B3A233CA}
		{A641EB31-EA20-C441-905B-DDD5A8482E57} = {A641EB31-EA20-C441-905B-DDD5A8482E57}
		{2C578EC8-D9E2-A34A-8B95-6B41624B9092} = {2C578EC8-D9E2-A34A-8B95-6B41624B9092}
		{1BF47B75-0900-564E-8668-475EB6E9F839} = {1BF47B75-0900-564E-8668-475EB6E9F839}
		{1F16D418-1BD1-FE49-8900-6C08C00569A9} = {1F16D418-1BD1-FE49-8900-6C08C00569A9}
		{348E567A-7DD4-4F41-82DD-124C0086090E} = {348E567A-7DD4-4F41-82DD-124C0086090E}
		{FFD1D842-DB9E-2D44-9B59-6F81959AA06C} = {FFD1D842-DB9E-2D44-9B59-6F81959AA06C}
		{AE294415-0EB7-F54B-A120-9A7134B505F4} = {AE294415-0EB7-F54B-A120-9A7134B505F4}
		{AF82867E-4DA4-3B41-A7B8-6012A9177CA4} = {AF82867E-4DA4-3B41-A7B8-6012A9177CA4}
		{235302F6-36BC-EB45-A823-A85D2BC4E6B7} = {235302F6-36BC-EB45-A823-A85D2BC4E6B7}
		{36CE4533-ED70-9B4D-BF81-5A4C4516F7CC} = {36CE4533-ED70-9B4D-BF81-5A4C4516F7CC}
	EndProjectSection
EndProject
Project("{8BC9CEB8-8B4A-11D0-8D11-00A0C91BC942}") = "App_SimpleOpenGL3", "App_SimpleOpenGL3.vcxproj", "{DAF668E7-A480-6245-B584-D663A8B36BFE}"
	ProjectSection(ProjectDependencies) = postProject
		{62CBA55B-72E3-9E45-AB8D-28F9C3900F20} = {62CBA55B-72E3-9E45-AB8D-28F9C3900F20}
		{1F16D418-1BD1-FE49-8900-6C08C00569A9} = {1F16D418-1BD1-FE49-8900-6C08C00569A9}
	EndProjectSection
EndProject
Project("{8BC9CEB8-8B4A-11D0-8D11-00A0C91BC942}") = "Test_SharedMemoryPhysicsClient", "Test_SharedMemoryPhysicsClient.vcxproj", "{12F128C1-7B59-FA43-9F17-FCC2FA9D3B97}"
	ProjectSection(ProjectDependencies) = postProject
		{C0C0E3E0-F4DB-8E45-BD0E-3F90337EB001} = {C0C0E3E0-F4DB-8E45-BD0E-3F90337EB001}
		{1F16D418-1BD1-FE49-8900-6C08C00569A9} = {1F16D418-1BD1-FE49-8900-6C08C00569A9}
		{2C578EC8-D9E2-A34A-8B95-6B41624B9092} = {2C578EC8-D9E2-A34A-8B95-6B41624B9092}
	EndProjectSection
EndProject
Project("{8BC9CEB8-8B4A-11D0-8D11-00A0C91BC942}") = "Test_PhysicsClientUDP", "Test_PhysicsClientUDP.vcxproj", "{E7948F94-A4ED-FB4A-B3F5-1E9BDF4C066F}"
	ProjectSection(ProjectDependencies) = postProject
		{235302F6-36BC-EB45-A823-A85D2BC4E6B7} = {235302F6-36BC-EB45-A823-A85D2BC4E6B7}
		{C0C0E3E0-F4DB-8E45-BD0E-3F90337EB001} = {C0C0E3E0-F4DB-8E45-BD0E-3F90337EB001}
		{1F16D418-1BD1-FE49-8900-6C08C00569A9} = {1F16D418-1BD1-FE49-8900-6C08C00569A9}
		{2C578EC8-D9E2-A34A-8B95-6B41624B9092} = {2C578EC8-D9E2-A34A-8B95-6B41624B9092}
	EndProjectSection
EndProject
Project("{8BC9CEB8-8B4A-11D0-8D11-00A0C91BC942}") = "Test_PhysicsClientTCP", "Test_PhysicsClientTCP.vcxproj", "{6B75367A-7C70-164C-B332-DDA588CD6AE6}"
	ProjectSection(ProjectDependencies) = postProject
		{36CE4533-ED70-9B4D-BF81-5A4C4516F7CC} = {36CE4533-ED70-9B4D-BF81-5A4C4516F7CC}
		{C0C0E3E0-F4DB-8E45-BD0E-3F90337EB001} = {C0C0E3E0-F4DB-8E45-BD0E-3F90337EB001}
		{1F16D418-1BD1-FE49-8900-6C08C00569A9} = {1F16D418-1BD1-FE49-8900-6C08C00569A9}
		{2C578EC8-D9E2-A34A-8B95-6B41624B9092} = {2C578EC8-D9E2-A34A-8B95-6B41624B9092}
	EndProjectSection
EndProject
Project("{8BC9CEB8-8B4A-11D0-8D11-00A0C91BC942}") = "Test_PhysicsServerLoopBack", "Test_PhysicsServerLoopBack.vcxproj", "{5245506F-0739-EC4E-9231-8183FB629811}"
	ProjectSection(ProjectDependencies) = postProject
		{F0E4CF3E-402A-6740-89FC-528F5A9FAFBE} = {F0E4CF3E-402A-6740-89FC-528F5A9FAFBE}
		{DA7E712A-5403-BE4C-AFDB-F62DB3FEABB0} = {DA7E712A-5403-BE4C-AFDB-F62DB3FEABB0}
		{C0C0E3E0-F4DB-8E45-BD0E-3F90337EB001} = {C0C0E3E0-F4DB-8E45-BD0E-3F90337EB001}
		{D12EE713-D8D3-8D4B-9631-A49FE44ED102} = {D12EE713-D8D3-8D4B-9631-A49FE44ED102}
		{1F16D418-1BD1-FE49-8900-6C08C00569A9} = {1F16D418-1BD1-FE49-8900-6C08C00569A9}
		{EC85915B-C455-1E49-8D2B-F237B3A233CA} = {EC85915B-C455-1E49-8D2B-F237B3A233CA}
		{A641EB31-EA20-C441-905B-DDD5A8482E57} = {A641EB31-EA20-C441-905B-DDD5A8482E57}
		{1BF47B75-0900-564E-8668-475EB6E9F839} = {1BF47B75-0900-564E-8668-475EB6E9F839}
		{2C578EC8-D9E2-A34A-8B95-6B41624B9092} = {2C578EC8-D9E2-A34A-8B95-6B41624B9092}
	EndProjectSection
EndProject
Project("{8BC9CEB8-8B4A-11D0-8D11-00A0C91BC942}") = "Test_PhysicsServerDirect", "Test_PhysicsServerDirect.vcxproj", "{33CC781F-CE44-8143-93DF-043D347BE204}"
	ProjectSection(ProjectDependencies) = postProject
		{F0E4CF3E-402A-6740-89FC-528F5A9FAFBE} = {F0E4CF3E-402A-6740-89FC-528F5A9FAFBE}
		{DA7E712A-5403-BE4C-AFDB-F62DB3FEABB0} = {DA7E712A-5403-BE4C-AFDB-F62DB3FEABB0}
		{C0C0E3E0-F4DB-8E45-BD0E-3F90337EB001} = {C0C0E3E0-F4DB-8E45-BD0E-3F90337EB001}
		{D12EE713-D8D3-8D4B-9631-A49FE44ED102} = {D12EE713-D8D3-8D4B-9631-A49FE44ED102}
		{1F16D418-1BD1-FE49-8900-6C08C00569A9} = {1F16D418-1BD1-FE49-8900-6C08C00569A9}
		{EC85915B-C455-1E49-8D2B-F237B3A233CA} = {EC85915B-C455-1E49-8D2B-F237B3A233CA}
		{A641EB31-EA20-C441-905B-DDD5A8482E57} = {A641EB31-EA20-C441-905B-DDD5A8482E57}
		{1BF47B75-0900-564E-8668-475EB6E9F839} = {1BF47B75-0900-564E-8668-475EB6E9F839}
		{2C578EC8-D9E2-A34A-8B95-6B41624B9092} = {2C578EC8-D9E2-A34A-8B95-6B41624B9092}
	EndProjectSection
EndProject
Project("{8BC9CEB8-8B4A-11D0-8D11-00A0C91BC942}") = "Test_PhysicsServerInProcessExampleBrowser", "Test_PhysicsServerInProcessExampleBrowser.vcxproj", "{40118E48-51AA-AA4F-B3B3-18D309A51814}"
	ProjectSection(ProjectDependencies) = postProject
		{D6AE00CA-9C35-FE47-B380-F8F260F40E08} = {D6AE00CA-9C35-FE47-B380-F8F260F40E08}
		{48F86052-258C-D541-B74A-CD6643E0CF01} = {48F86052-258C-D541-B74A-CD6643E0CF01}
		{62CBA55B-72E3-9E45-AB8D-28F9C3900F20} = {62CBA55B-72E3-9E45-AB8D-28F9C3900F20}
		{C0C0E3E0-F4DB-8E45-BD0E-3F90337EB001} = {C0C0E3E0-F4DB-8E45-BD0E-3F90337EB001}
		{D12EE713-D8D3-8D4B-9631-A49FE44ED102} = {D12EE713-D8D3-8D4B-9631-A49FE44ED102}
		{49444FD5-ABFC-A44B-ADFC-9473830125BD} = {49444FD5-ABFC-A44B-ADFC-9473830125BD}
		{F0E4CF3E-402A-6740-89FC-528F5A9FAFBE} = {F0E4CF3E-402A-6740-89FC-528F5A9FAFBE}
		{DA7E712A-5403-BE4C-AFDB-F62DB3FEABB0} = {DA7E712A-5403-BE4C-AFDB-F62DB3FEABB0}
		{EC85915B-C455-1E49-8D2B-F237B3A233CA} = {EC85915B-C455-1E49-8D2B-F237B3A233CA}
		{A641EB31-EA20-C441-905B-DDD5A8482E57} = {A641EB31-EA20-C441-905B-DDD5A8482E57}
		{2C578EC8-D9E2-A34A-8B95-6B41624B9092} = {2C578EC8-D9E2-A34A-8B95-6B41624B9092}
		{1BF47B75-0900-564E-8668-475EB6E9F839} = {1BF47B75-0900-564E-8668-475EB6E9F839}
		{1F16D418-1BD1-FE49-8900-6C08C00569A9} = {1F16D418-1BD1-FE49-8900-6C08C00569A9}
		{348E567A-7DD4-4F41-82DD-124C0086090E} = {348E567A-7DD4-4F41-82DD-124C0086090E}
		{FFD1D842-DB9E-2D44-9B59-6F81959AA06C} = {FFD1D842-DB9E-2D44-9B59-6F81959AA06C}
		{AE294415-0EB7-F54B-A120-9A7134B505F4} = {AE294415-0EB7-F54B-A120-9A7134B505F4}
		{AF82867E-4DA4-3B41-A7B8-6012A9177CA4} = {AF82867E-4DA4-3B41-A7B8-6012A9177CA4}
		{36CE4533-ED70-9B4D-BF81-5A4C4516F7CC} = {36CE4533-ED70-9B4D-BF81-5A4C4516F7CC}
	EndProjectSection
EndProject
Project("{8BC9CEB8-8B4A-11D0-8D11-00A0C91BC942}") = "rtMidiTest", "rtMidiTest.vcxproj", "{C5F4FA85-2DC9-A045-9172-F83BD16A8113}"
EndProject
Project("{8BC9CEB8-8B4A-11D0-8D11-00A0C91BC942}") = "clsocket", "clsocket.vcxproj", "{36CE4533-ED70-9B4D-BF81-5A4C4516F7CC}"
EndProject
Project("{8BC9CEB8-8B4A-11D0-8D11-00A0C91BC942}") = "Test_clsocket_EchoServer", "Test_clsocket_EchoServer.vcxproj", "{429D70B3-6ADC-DB46-86A7-F9944EA43129}"
	ProjectSection(ProjectDependencies) = postProject
		{36CE4533-ED70-9B4D-BF81-5A4C4516F7CC} = {36CE4533-ED70-9B4D-BF81-5A4C4516F7CC}
	EndProjectSection
EndProject
Project("{8BC9CEB8-8B4A-11D0-8D11-00A0C91BC942}") = "Test_clsocket_QueryDayTime", "Test_clsocket_QueryDayTime.vcxproj", "{B7AA2BAA-A3BB-E345-9692-D86C2831076A}"
	ProjectSection(ProjectDependencies) = postProject
		{36CE4533-ED70-9B4D-BF81-5A4C4516F7CC} = {36CE4533-ED70-9B4D-BF81-5A4C4516F7CC}
	EndProjectSection
EndProject
Project("{8BC9CEB8-8B4A-11D0-8D11-00A0C91BC942}") = "enet", "enet.vcxproj", "{235302F6-36BC-EB45-A823-A85D2BC4E6B7}"
EndProject
Project("{8BC9CEB8-8B4A-11D0-8D11-00A0C91BC942}") = "Test_enet_nat_punchthrough_client", "Test_enet_nat_punchthrough_client.vcxproj", "{6C198D37-F655-6542-99E5-3740C25CA81B}"
	ProjectSection(ProjectDependencies) = postProject
		{235302F6-36BC-EB45-A823-A85D2BC4E6B7} = {235302F6-36BC-EB45-A823-A85D2BC4E6B7}
	EndProjectSection
EndProject
Project("{8BC9CEB8-8B4A-11D0-8D11-00A0C91BC942}") = "Test_enet_nat_punchthrough_server", "Test_enet_nat_punchthrough_server.vcxproj", "{0CE7608D-EEAE-1742-BBE3-71F4CF2A1E55}"
	ProjectSection(ProjectDependencies) = postProject
		{235302F6-36BC-EB45-A823-A85D2BC4E6B7} = {235302F6-36BC-EB45-A823-A85D2BC4E6B7}
	EndProjectSection
EndProject
Project("{8BC9CEB8-8B4A-11D0-8D11-00A0C91BC942}") = "Test_enet_chat_client", "Test_enet_chat_client.vcxproj", "{67DA5249-A341-8741-8BCC-673DE16D3DB0}"
	ProjectSection(ProjectDependencies) = postProject
		{235302F6-36BC-EB45-A823-A85D2BC4E6B7} = {235302F6-36BC-EB45-A823-A85D2BC4E6B7}
	EndProjectSection
EndProject
Project("{8BC9CEB8-8B4A-11D0-8D11-00A0C91BC942}") = "Test_enet_chat_server", "Test_enet_chat_server.vcxproj", "{BD9C8742-CBE2-D04F-98E3-5F80D5E3FB96}"
	ProjectSection(ProjectDependencies) = postProject
		{235302F6-36BC-EB45-A823-A85D2BC4E6B7} = {235302F6-36BC-EB45-A823-A85D2BC4E6B7}
	EndProjectSection
EndProject
Project("{8BC9CEB8-8B4A-11D0-8D11-00A0C91BC942}") = "Bullet3Common", "Bullet3Common.vcxproj", "{1F16D418-1BD1-FE49-8900-6C08C00569A9}"
EndProject
Project("{8BC9CEB8-8B4A-11D0-8D11-00A0C91BC942}") = "Bullet3Geometry", "Bullet3Geometry.vcxproj", "{AF82867E-4DA4-3B41-A7B8-6012A9177CA4}"
EndProject
Project("{8BC9CEB8-8B4A-11D0-8D11-00A0C91BC942}") = "Bullet3Collision", "Bullet3Collision.vcxproj", "{AE294415-0EB7-F54B-A120-9A7134B505F4}"
EndProject
Project("{8BC9CEB8-8B4A-11D0-8D11-00A0C91BC942}") = "Bullet3Dynamics", "Bullet3Dynamics.vcxproj", "{FFD1D842-DB9E-2D44-9B59-6F81959AA06C}"
EndProject
Project("{8BC9CEB8-8B4A-11D0-8D11-00A0C91BC942}") = "Bullet3OpenCL_clew", "Bullet3OpenCL_clew.vcxproj", "{348E567A-7DD4-4F41-82DD-124C0086090E}"
EndProject
Project("{8BC9CEB8-8B4A-11D0-8D11-00A0C91BC942}") = "Bullet2FileLoader", "Bullet2FileLoader.vcxproj", "{345838B5-3A7C-5E40-A78B-5E95E20FBDCF}"
EndProject
Project("{8BC9CEB8-8B4A-11D0-8D11-00A0C91BC942}") = "HACD", "HACD.vcxproj", "{111BA7DE-5E58-4F4A-8BE3-DAD69344A175}"
EndProject
Project("{8BC9CEB8-8B4A-11D0-8D11-00A0C91BC942}") = "vhacd", "vhacd.vcxproj", "{CD19529C-ECB4-8A45-AFBB-83CF47D5CBCF}"
EndProject
Project("{8BC9CEB8-8B4A-11D0-8D11-00A0C91BC942}") = "test_vhacd", "test_vhacd.vcxproj", "{0D1512EE-A698-BE44-BF6A-C9CBF557F8DF}"
	ProjectSection(ProjectDependencies) = postProject
		{CD19529C-ECB4-8A45-AFBB-83CF47D5CBCF} = {CD19529C-ECB4-8A45-AFBB-83CF47D5CBCF}
		{2C578EC8-D9E2-A34A-8B95-6B41624B9092} = {2C578EC8-D9E2-A34A-8B95-6B41624B9092}
	EndProjectSection
EndProject
Project("{8BC9CEB8-8B4A-11D0-8D11-00A0C91BC942}") = "ConvexDecomposition", "ConvexDecomposition.vcxproj", "{8BFFD775-87AA-2B4E-853E-45AE3C49B6CD}"
EndProject
Project("{8BC9CEB8-8B4A-11D0-8D11-00A0C91BC942}") = "BulletInverseDynamicsUtils", "BulletInverseDynamicsUtils.vcxproj", "{F0E4CF3E-402A-6740-89FC-528F5A9FAFBE}"
EndProject
Project("{8BC9CEB8-8B4A-11D0-8D11-00A0C91BC942}") = "BulletFileLoader", "BulletFileLoader.vcxproj", "{C0C0E3E0-F4DB-8E45-BD0E-3F90337EB001}"
EndProject
Project("{8BC9CEB8-8B4A-11D0-8D11-00A0C91BC942}") = "BulletWorldImporter", "BulletWorldImporter.vcxproj", "{D12EE713-D8D3-8D4B-9631-A49FE44ED102}"
EndProject
Project("{8BC9CEB8-8B4A-11D0-8D11-00A0C91BC942}") = "BulletXmlWorldImporter", "BulletXmlWorldImporter.vcxproj", "{4815FFFA-8D96-0D45-A4CD-83A26396CF93}"
EndProject
Project("{8BC9CEB8-8B4A-11D0-8D11-00A0C91BC942}") = "App_obj2sdf", "App_obj2sdf.vcxproj", "{E6BD5F6F-0C62-B246-879E-83FCA942B08B}"
	ProjectSection(ProjectDependencies) = postProject
		{1F16D418-1BD1-FE49-8900-6C08C00569A9} = {1F16D418-1BD1-FE49-8900-6C08C00569A9}
	EndProjectSection
EndProject
Project("{8BC9CEB8-8B4A-11D0-8D11-00A0C91BC942}") = "BulletRobotics", "BulletRobotics.vcxproj", "{02D019D3-2528-784C-9CBE-AEA15609DE52}"
	ProjectSection(ProjectDependencies) = postProject
		{D6AE00CA-9C35-FE47-B380-F8F260F40E08} = {D6AE00CA-9C35-FE47-B380-F8F260F40E08}
		{48F86052-258C-D541-B74A-CD6643E0CF01} = {48F86052-258C-D541-B74A-CD6643E0CF01}
		{C0C0E3E0-F4DB-8E45-BD0E-3F90337EB001} = {C0C0E3E0-F4DB-8E45-BD0E-3F90337EB001}
		{D12EE713-D8D3-8D4B-9631-A49FE44ED102} = {D12EE713-D8D3-8D4B-9631-A49FE44ED102}
		{62CBA55B-72E3-9E45-AB8D-28F9C3900F20} = {62CBA55B-72E3-9E45-AB8D-28F9C3900F20}
		{49444FD5-ABFC-A44B-ADFC-9473830125BD} = {49444FD5-ABFC-A44B-ADFC-9473830125BD}
		{F0E4CF3E-402A-6740-89FC-528F5A9FAFBE} = {F0E4CF3E-402A-6740-89FC-528F5A9FAFBE}
		{DA7E712A-5403-BE4C-AFDB-F62DB3FEABB0} = {DA7E712A-5403-BE4C-AFDB-F62DB3FEABB0}
		{EC85915B-C455-1E49-8D2B-F237B3A233CA} = {EC85915B-C455-1E49-8D2B-F237B3A233CA}
		{A641EB31-EA20-C441-905B-DDD5A8482E57} = {A641EB31-EA20-C441-905B-DDD5A8482E57}
		{2C578EC8-D9E2-A34A-8B95-6B41624B9092} = {2C578EC8-D9E2-A34A-8B95-6B41624B9092}
		{1BF47B75-0900-564E-8668-475EB6E9F839} = {1BF47B75-0900-564E-8668-475EB6E9F839}
		{1F16D418-1BD1-FE49-8900-6C08C00569A9} = {1F16D418-1BD1-FE49-8900-6C08C00569A9}
		{235302F6-36BC-EB45-A823-A85D2BC4E6B7} = {235302F6-36BC-EB45-A823-A85D2BC4E6B7}
		{36CE4533-ED70-9B4D-BF81-5A4C4516F7CC} = {36CE4533-ED70-9B4D-BF81-5A4C4516F7CC}
	EndProjectSection
EndProject
Project("{8BC9CEB8-8B4A-11D0-8D11-00A0C91BC942}") = "Test_LinearMath", "Test_LinearMath.vcxproj", "{A016772E-3F3D-A443-822F-8716207D6B2A}"
	ProjectSection(ProjectDependencies) = postProject
		{EC85915B-C455-1E49-8D2B-F237B3A233CA} = {EC85915B-C455-1E49-8D2B-F237B3A233CA}
		{A641EB31-EA20-C441-905B-DDD5A8482E57} = {A641EB31-EA20-C441-905B-DDD5A8482E57}
		{2C578EC8-D9E2-A34A-8B95-6B41624B9092} = {2C578EC8-D9E2-A34A-8B95-6B41624B9092}
	EndProjectSection
EndProject
Project("{8BC9CEB8-8B4A-11D0-8D11-00A0C91BC942}") = "gtest", "gtest.vcxproj", "{04ADD791-5BB6-2745-A52F-6DBF1DC32832}"
EndProject
Project("{8BC9CEB8-8B4A-11D0-8D11-00A0C91BC942}") = "Test_BulletCollision", "Test_BulletCollision.vcxproj", "{5624CD04-277D-AB4D-9B8A-54BCBB3C8835}"
	ProjectSection(ProjectDependencies) = postProject
		{2C578EC8-D9E2-A34A-8B95-6B41624B9092} = {2C578EC8-D9E2-A34A-8B95-6B41624B9092}
		{04ADD791-5BB6-2745-A52F-6DBF1DC32832} = {04ADD791-5BB6-2745-A52F-6DBF1DC32832}
	EndProjectSection
EndProject
Project("{8BC9CEB8-8B4A-11D0-8D11-00A0C91BC942}") = "Test_BulletDynamics", "Test_BulletDynamics.vcxproj", "{D9095F33-90D4-8742-885B-9CC858C67A96}"
	ProjectSection(ProjectDependencies) = postProject
		{EC85915B-C455-1E49-8D2B-F237B3A233CA} = {EC85915B-C455-1E49-8D2B-F237B3A233CA}
		{A641EB31-EA20-C441-905B-DDD5A8482E57} = {A641EB31-EA20-C441-905B-DDD5A8482E57}
		{2C578EC8-D9E2-A34A-8B95-6B41624B9092} = {2C578EC8-D9E2-A34A-8B95-6B41624B9092}
		{04ADD791-5BB6-2745-A52F-6DBF1DC32832} = {04ADD791-5BB6-2745-A52F-6DBF1DC32832}
	EndProjectSection
EndProject
Project("{8BC9CEB8-8B4A-11D0-8D11-00A0C91BC942}") = "Test_InverseDynamicsKinematics", "Test_InverseDynamicsKinematics.vcxproj", "{DCA42B3D-7155-9F41-BB83-80B648C82807}"
	ProjectSection(ProjectDependencies) = postProject
		{F0E4CF3E-402A-6740-89FC-528F5A9FAFBE} = {F0E4CF3E-402A-6740-89FC-528F5A9FAFBE}
		{DA7E712A-5403-BE4C-AFDB-F62DB3FEABB0} = {DA7E712A-5403-BE4C-AFDB-F62DB3FEABB0}
		{1F16D418-1BD1-FE49-8900-6C08C00569A9} = {1F16D418-1BD1-FE49-8900-6C08C00569A9}
		{2C578EC8-D9E2-A34A-8B95-6B41624B9092} = {2C578EC8-D9E2-A34A-8B95-6B41624B9092}
		{04ADD791-5BB6-2745-A52F-6DBF1DC32832} = {04ADD791-5BB6-2745-A52F-6DBF1DC32832}
	EndProjectSection
EndProject
Project("{8BC9CEB8-8B4A-11D0-8D11-00A0C91BC942}") = "Test_InverseDynamicsJacobian", "Test_InverseDynamicsJacobian.vcxproj", "{0DB3F13A-E95F-204F-98A4-F4468D54B902}"
	ProjectSection(ProjectDependencies) = postProject
		{F0E4CF3E-402A-6740-89FC-528F5A9FAFBE} = {F0E4CF3E-402A-6740-89FC-528F5A9FAFBE}
		{DA7E712A-5403-BE4C-AFDB-F62DB3FEABB0} = {DA7E712A-5403-BE4C-AFDB-F62DB3FEABB0}
		{1F16D418-1BD1-FE49-8900-6C08C00569A9} = {1F16D418-1BD1-FE49-8900-6C08C00569A9}
		{2C578EC8-D9E2-A34A-8B95-6B41624B9092} = {2C578EC8-D9E2-A34A-8B95-6B41624B9092}
		{04ADD791-5BB6-2745-A52F-6DBF1DC32832} = {04ADD791-5BB6-2745-A52F-6DBF1DC32832}
	EndProjectSection
EndProject
Project("{8BC9CEB8-8B4A-11D0-8D11-00A0C91BC942}") = "Test_InverseForwardDynamics", "Test_InverseForwardDynamics.vcxproj", "{D40ACAD4-E611-7745-9B53-089B35FA57D3}"
	ProjectSection(ProjectDependencies) = postProject
		{EC85915B-C455-1E49-8D2B-F237B3A233CA} = {EC85915B-C455-1E49-8D2B-F237B3A233CA}
		{A641EB31-EA20-C441-905B-DDD5A8482E57} = {A641EB31-EA20-C441-905B-DDD5A8482E57}
		{F0E4CF3E-402A-6740-89FC-528F5A9FAFBE} = {F0E4CF3E-402A-6740-89FC-528F5A9FAFBE}
		{DA7E712A-5403-BE4C-AFDB-F62DB3FEABB0} = {DA7E712A-5403-BE4C-AFDB-F62DB3FEABB0}
		{1F16D418-1BD1-FE49-8900-6C08C00569A9} = {1F16D418-1BD1-FE49-8900-6C08C00569A9}
		{2C578EC8-D9E2-A34A-8B95-6B41624B9092} = {2C578EC8-D9E2-A34A-8B95-6B41624B9092}
		{04ADD791-5BB6-2745-A52F-6DBF1DC32832} = {04ADD791-5BB6-2745-A52F-6DBF1DC32832}
	EndProjectSection
EndProject
Project("{8BC9CEB8-8B4A-11D0-8D11-00A0C91BC942}") = "Test_OpenCL_Bullet3", "Test_OpenCL_Bullet3.vcxproj", "{2B366D8D-80D3-C24C-8F7A-49AE523B17C9}"
	ProjectSection(ProjectDependencies) = postProject
		{04ADD791-5BB6-2745-A52F-6DBF1DC32832} = {04ADD791-5BB6-2745-A52F-6DBF1DC32832}
		{348E567A-7DD4-4F41-82DD-124C0086090E} = {348E567A-7DD4-4F41-82DD-124C0086090E}
		{1F16D418-1BD1-FE49-8900-6C08C00569A9} = {1F16D418-1BD1-FE49-8900-6C08C00569A9}
	EndProjectSection
EndProject
Project("{8BC9CEB8-8B4A-11D0-8D11-00A0C91BC942}") = "Test_Gwen_OpenGL", "Test_Gwen_OpenGL.vcxproj", "{7AFC15B0-8F63-6A4A-B5F7-D033E59F69E0}"
	ProjectSection(ProjectDependencies) = postProject
		{48F86052-258C-D541-B74A-CD6643E0CF01} = {48F86052-258C-D541-B74A-CD6643E0CF01}
		{1F16D418-1BD1-FE49-8900-6C08C00569A9} = {1F16D418-1BD1-FE49-8900-6C08C00569A9}
	EndProjectSection
EndProject
Project("{8BC9CEB8-8B4A-11D0-8D11-00A0C91BC942}") = "BulletInverseDynamics", "BulletInverseDynamics.vcxproj", "{DA7E712A-5403-BE4C-AFDB-F62DB3FEABB0}"
EndProject
Project("{8BC9CEB8-8B4A-11D0-8D11-00A0C91BC942}") = "BulletSoftBody", "BulletSoftBody.vcxproj", "{49444FD5-ABFC-A44B-ADFC-9473830125BD}"
EndProject
Project("{8BC9CEB8-8B4A-11D0-8D11-00A0C91BC942}") = "BulletDynamics", "BulletDynamics.vcxproj", "{EC85915B-C455-1E49-8D2B-F237B3A233CA}"
EndProject
Project("{8BC9CEB8-8B4A-11D0-8D11-00A0C91BC942}") = "BulletCollision", "BulletCollision.vcxproj", "{A641EB31-EA20-C441-905B-DDD5A8482E57}"
EndProject
Project("{8BC9CEB8-8B4A-11D0-8D11-00A0C91BC942}") = "LinearMath", "LinearMath.vcxproj", "{2C578EC8-D9E2-A34A-8B95-6B41624B9092}"
EndProject
Global
	GlobalSection(SolutionConfigurationPlatforms) = preSolution
		Release|Win32 = Release|Win32
		Release|x64 = Release|x64
		Debug|Win32 = Debug|Win32
		Debug|x64 = Debug|x64
	EndGlobalSection
	GlobalSection(ProjectConfigurationPlatforms) = postSolution
		{DD705801-2033-0143-8DC8-F2C68B8A2729}.Release|Win32.ActiveCfg = Release|Win32
		{DD705801-2033-0143-8DC8-F2C68B8A2729}.Release|Win32.Build.0 = Release|Win32
		{DD705801-2033-0143-8DC8-F2C68B8A2729}.Release|x64.ActiveCfg = Release|x64
		{DD705801-2033-0143-8DC8-F2C68B8A2729}.Release|x64.Build.0 = Release|x64
		{DD705801-2033-0143-8DC8-F2C68B8A2729}.Debug|Win32.ActiveCfg = Debug|Win32
		{DD705801-2033-0143-8DC8-F2C68B8A2729}.Debug|Win32.Build.0 = Debug|Win32
		{DD705801-2033-0143-8DC8-F2C68B8A2729}.Debug|x64.ActiveCfg = Debug|x64
		{DD705801-2033-0143-8DC8-F2C68B8A2729}.Debug|x64.Build.0 = Debug|x64
		{D6AE00CA-9C35-FE47-B380-F8F260F40E08}.Release|Win32.ActiveCfg = Release|Win32
		{D6AE00CA-9C35-FE47-B380-F8F260F40E08}.Release|Win32.Build.0 = Release|Win32
		{D6AE00CA-9C35-FE47-B380-F8F260F40E08}.Release|x64.ActiveCfg = Release|x64
		{D6AE00CA-9C35-FE47-B380-F8F260F40E08}.Release|x64.Build.0 = Release|x64
		{D6AE00CA-9C35-FE47-B380-F8F260F40E08}.Debug|Win32.ActiveCfg = Debug|Win32
		{D6AE00CA-9C35-FE47-B380-F8F260F40E08}.Debug|Win32.Build.0 = Debug|Win32
		{D6AE00CA-9C35-FE47-B380-F8F260F40E08}.Debug|x64.ActiveCfg = Debug|x64
		{D6AE00CA-9C35-FE47-B380-F8F260F40E08}.Debug|x64.Build.0 = Debug|x64
		{7E12B1E8-E727-E149-BC63-B1E1598D5270}.Release|Win32.ActiveCfg = Release|Win32
		{7E12B1E8-E727-E149-BC63-B1E1598D5270}.Release|Win32.Build.0 = Release|Win32
		{7E12B1E8-E727-E149-BC63-B1E1598D5270}.Release|x64.ActiveCfg = Release|x64
		{7E12B1E8-E727-E149-BC63-B1E1598D5270}.Release|x64.Build.0 = Release|x64
		{7E12B1E8-E727-E149-BC63-B1E1598D5270}.Debug|Win32.ActiveCfg = Debug|Win32
		{7E12B1E8-E727-E149-BC63-B1E1598D5270}.Debug|Win32.Build.0 = Debug|Win32
		{7E12B1E8-E727-E149-BC63-B1E1598D5270}.Debug|x64.ActiveCfg = Debug|x64
		{7E12B1E8-E727-E149-BC63-B1E1598D5270}.Debug|x64.Build.0 = Debug|x64
		{CA44DBF4-B0FD-CE42-B1A3-488234635261}.Release|Win32.ActiveCfg = Release|Win32
		{CA44DBF4-B0FD-CE42-B1A3-488234635261}.Release|Win32.Build.0 = Release|Win32
		{CA44DBF4-B0FD-CE42-B1A3-488234635261}.Release|x64.ActiveCfg = Release|x64
		{CA44DBF4-B0FD-CE42-B1A3-488234635261}.Release|x64.Build.0 = Release|x64
		{CA44DBF4-B0FD-CE42-B1A3-488234635261}.Debug|Win32.ActiveCfg = Debug|Win32
		{CA44DBF4-B0FD-CE42-B1A3-488234635261}.Debug|Win32.Build.0 = Debug|Win32
		{CA44DBF4-B0FD-CE42-B1A3-488234635261}.Debug|x64.ActiveCfg = Debug|x64
		{CA44DBF4-B0FD-CE42-B1A3-488234635261}.Debug|x64.Build.0 = Debug|x64
		{62CBA55B-72E3-9E45-AB8D-28F9C3900F20}.Release|Win32.ActiveCfg = Release|Win32
		{62CBA55B-72E3-9E45-AB8D-28F9C3900F20}.Release|Win32.Build.0 = Release|Win32
		{62CBA55B-72E3-9E45-AB8D-28F9C3900F20}.Release|x64.ActiveCfg = Release|x64
		{62CBA55B-72E3-9E45-AB8D-28F9C3900F20}.Release|x64.Build.0 = Release|x64
		{62CBA55B-72E3-9E45-AB8D-28F9C3900F20}.Debug|Win32.ActiveCfg = Debug|Win32
		{62CBA55B-72E3-9E45-AB8D-28F9C3900F20}.Debug|Win32.Build.0 = Debug|Win32
		{62CBA55B-72E3-9E45-AB8D-28F9C3900F20}.Debug|x64.ActiveCfg = Debug|x64
		{62CBA55B-72E3-9E45-AB8D-28F9C3900F20}.Debug|x64.Build.0 = Debug|x64
		{48F86052-258C-D541-B74A-CD6643E0CF01}.Release|Win32.ActiveCfg = Release|Win32
		{48F86052-258C-D541-B74A-CD6643E0CF01}.Release|Win32.Build.0 = Release|Win32
		{48F86052-258C-D541-B74A-CD6643E0CF01}.Release|x64.ActiveCfg = Release|x64
		{48F86052-258C-D541-B74A-CD6643E0CF01}.Release|x64.Build.0 = Release|x64
		{48F86052-258C-D541-B74A-CD6643E0CF01}.Debug|Win32.ActiveCfg = Debug|Win32
		{48F86052-258C-D541-B74A-CD6643E0CF01}.Debug|Win32.Build.0 = Debug|Win32
		{48F86052-258C-D541-B74A-CD6643E0CF01}.Debug|x64.ActiveCfg = Debug|x64
		{48F86052-258C-D541-B74A-CD6643E0CF01}.Debug|x64.Build.0 = Debug|x64
		{C7420DCD-2100-6342-AC6F-FAE7A67E17D9}.Release|Win32.ActiveCfg = Release|Win32
		{C7420DCD-2100-6342-AC6F-FAE7A67E17D9}.Release|Win32.Build.0 = Release|Win32
		{C7420DCD-2100-6342-AC6F-FAE7A67E17D9}.Release|x64.ActiveCfg = Release|x64
		{C7420DCD-2100-6342-AC6F-FAE7A67E17D9}.Release|x64.Build.0 = Release|x64
		{C7420DCD-2100-6342-AC6F-FAE7A67E17D9}.Debug|Win32.ActiveCfg = Debug|Win32
		{C7420DCD-2100-6342-AC6F-FAE7A67E17D9}.Debug|Win32.Build.0 = Debug|Win32
		{C7420DCD-2100-6342-AC6F-FAE7A67E17D9}.Debug|x64.ActiveCfg = Debug|x64
		{C7420DCD-2100-6342-AC6F-FAE7A67E17D9}.Debug|x64.Build.0 = Debug|x64
		{A76B7B13-49F2-B649-BF14-462C472C9335}.Release|Win32.ActiveCfg = Release|Win32
		{A76B7B13-49F2-B649-BF14-462C472C9335}.Release|Win32.Build.0 = Release|Win32
		{A76B7B13-49F2-B649-BF14-462C472C9335}.Release|x64.ActiveCfg = Release|x64
		{A76B7B13-49F2-B649-BF14-462C472C9335}.Release|x64.Build.0 = Release|x64
		{A76B7B13-49F2-B649-BF14-462C472C9335}.Debug|Win32.ActiveCfg = Debug|Win32
		{A76B7B13-49F2-B649-BF14-462C472C9335}.Debug|Win32.Build.0 = Debug|Win32
		{A76B7B13-49F2-B649-BF14-462C472C9335}.Debug|x64.ActiveCfg = Debug|x64
		{A76B7B13-49F2-B649-BF14-462C472C9335}.Debug|x64.Build.0 = Debug|x64
		{6D7FC0D0-E514-404F-A7A8-B2C8C6CA8F01}.Release|Win32.ActiveCfg = Release|Win32
		{6D7FC0D0-E514-404F-A7A8-B2C8C6CA8F01}.Release|Win32.Build.0 = Release|Win32
		{6D7FC0D0-E514-404F-A7A8-B2C8C6CA8F01}.Release|x64.ActiveCfg = Release|x64
		{6D7FC0D0-E514-404F-A7A8-B2C8C6CA8F01}.Release|x64.Build.0 = Release|x64
		{6D7FC0D0-E514-404F-A7A8-B2C8C6CA8F01}.Debug|Win32.ActiveCfg = Debug|Win32
		{6D7FC0D0-E514-404F-A7A8-B2C8C6CA8F01}.Debug|Win32.Build.0 = Debug|Win32
		{6D7FC0D0-E514-404F-A7A8-B2C8C6CA8F01}.Debug|x64.ActiveCfg = Debug|x64
		{6D7FC0D0-E514-404F-A7A8-B2C8C6CA8F01}.Debug|x64.Build.0 = Debug|x64
		{F2F48889-C29F-DE47-83C8-4B0A19BAA247}.Release|Win32.ActiveCfg = Release|Win32
		{F2F48889-C29F-DE47-83C8-4B0A19BAA247}.Release|Win32.Build.0 = Release|Win32
		{F2F48889-C29F-DE47-83C8-4B0A19BAA247}.Release|x64.ActiveCfg = Release|x64
		{F2F48889-C29F-DE47-83C8-4B0A19BAA247}.Release|x64.Build.0 = Release|x64
		{F2F48889-C29F-DE47-83C8-4B0A19BAA247}.Debug|Win32.ActiveCfg = Debug|Win32
		{F2F48889-C29F-DE47-83C8-4B0A19BAA247}.Debug|Win32.Build.0 = Debug|Win32
		{F2F48889-C29F-DE47-83C8-4B0A19BAA247}.Debug|x64.ActiveCfg = Debug|x64
		{F2F48889-C29F-DE47-83C8-4B0A19BAA247}.Debug|x64.Build.0 = Debug|x64
		{08088353-78E4-1848-81CC-6A8CA90BF469}.Release|Win32.ActiveCfg = Release|Win32
		{08088353-78E4-1848-81CC-6A8CA90BF469}.Release|Win32.Build.0 = Release|Win32
		{08088353-78E4-1848-81CC-6A8CA90BF469}.Release|x64.ActiveCfg = Release|x64
		{08088353-78E4-1848-81CC-6A8CA90BF469}.Release|x64.Build.0 = Release|x64
		{08088353-78E4-1848-81CC-6A8CA90BF469}.Debug|Win32.ActiveCfg = Debug|Win32
		{08088353-78E4-1848-81CC-6A8CA90BF469}.Debug|Win32.Build.0 = Debug|Win32
		{08088353-78E4-1848-81CC-6A8CA90BF469}.Debug|x64.ActiveCfg = Debug|x64
		{08088353-78E4-1848-81CC-6A8CA90BF469}.Debug|x64.Build.0 = Debug|x64
		{CB26886A-C37A-2742-B404-0C8816F0DE0C}.Release|Win32.ActiveCfg = Release|Win32
		{CB26886A-C37A-2742-B404-0C8816F0DE0C}.Release|Win32.Build.0 = Release|Win32
		{CB26886A-C37A-2742-B404-0C8816F0DE0C}.Release|x64.ActiveCfg = Release|x64
		{CB26886A-C37A-2742-B404-0C8816F0DE0C}.Release|x64.Build.0 = Release|x64
		{CB26886A-C37A-2742-B404-0C8816F0DE0C}.Debug|Win32.ActiveCfg = Debug|Win32
		{CB26886A-C37A-2742-B404-0C8816F0DE0C}.Debug|Win32.Build.0 = Debug|Win32
		{CB26886A-C37A-2742-B404-0C8816F0DE0C}.Debug|x64.ActiveCfg = Debug|x64
		{CB26886A-C37A-2742-B404-0C8816F0DE0C}.Debug|x64.Build.0 = Debug|x64
		{940ED288-9A5E-BB41-BA4B-A08B6CC9C136}.Release|Win32.ActiveCfg = Release|Win32
		{940ED288-9A5E-BB41-BA4B-A08B6CC9C136}.Release|Win32.Build.0 = Release|Win32
		{940ED288-9A5E-BB41-BA4B-A08B6CC9C136}.Release|x64.ActiveCfg = Release|x64
		{940ED288-9A5E-BB41-BA4B-A08B6CC9C136}.Release|x64.Build.0 = Release|x64
		{940ED288-9A5E-BB41-BA4B-A08B6CC9C136}.Debug|Win32.ActiveCfg = Debug|Win32
		{940ED288-9A5E-BB41-BA4B-A08B6CC9C136}.Debug|Win32.Build.0 = Debug|Win32
		{940ED288-9A5E-BB41-BA4B-A08B6CC9C136}.Debug|x64.ActiveCfg = Debug|x64
		{940ED288-9A5E-BB41-BA4B-A08B6CC9C136}.Debug|x64.Build.0 = Debug|x64
		{F2F91EE6-3106-FC40-A968-890A7D8AB7CF}.Release|Win32.ActiveCfg = Release|Win32
		{F2F91EE6-3106-FC40-A968-890A7D8AB7CF}.Release|Win32.Build.0 = Release|Win32
		{F2F91EE6-3106-FC40-A968-890A7D8AB7CF}.Release|x64.ActiveCfg = Release|x64
		{F2F91EE6-3106-FC40-A968-890A7D8AB7CF}.Release|x64.Build.0 = Release|x64
		{F2F91EE6-3106-FC40-A968-890A7D8AB7CF}.Debug|Win32.ActiveCfg = Debug|Win32
		{F2F91EE6-3106-FC40-A968-890A7D8AB7CF}.Debug|Win32.Build.0 = Debug|Win32
		{F2F91EE6-3106-FC40-A968-890A7D8AB7CF}.Debug|x64.ActiveCfg = Debug|x64
		{F2F91EE6-3106-FC40-A968-890A7D8AB7CF}.Debug|x64.Build.0 = Debug|x64
		{69A873E7-3261-EC4B-8542-D01DE5042950}.Release|Win32.ActiveCfg = Release|Win32
		{69A873E7-3261-EC4B-8542-D01DE5042950}.Release|Win32.Build.0 = Release|Win32
		{69A873E7-3261-EC4B-8542-D01DE5042950}.Release|x64.ActiveCfg = Release|x64
		{69A873E7-3261-EC4B-8542-D01DE5042950}.Release|x64.Build.0 = Release|x64
		{69A873E7-3261-EC4B-8542-D01DE5042950}.Debug|Win32.ActiveCfg = Debug|Win32
		{69A873E7-3261-EC4B-8542-D01DE5042950}.Debug|Win32.Build.0 = Debug|Win32
		{69A873E7-3261-EC4B-8542-D01DE5042950}.Debug|x64.ActiveCfg = Debug|x64
		{69A873E7-3261-EC4B-8542-D01DE5042950}.Debug|x64.Build.0 = Debug|x64
		{047565DB-1905-F64C-93D8-8B6A81B2A5F5}.Release|Win32.ActiveCfg = Release|Win32
		{047565DB-1905-F64C-93D8-8B6A81B2A5F5}.Release|Win32.Build.0 = Release|Win32
		{047565DB-1905-F64C-93D8-8B6A81B2A5F5}.Release|x64.ActiveCfg = Release|x64
		{047565DB-1905-F64C-93D8-8B6A81B2A5F5}.Release|x64.Build.0 = Release|x64
		{047565DB-1905-F64C-93D8-8B6A81B2A5F5}.Debug|Win32.ActiveCfg = Debug|Win32
		{047565DB-1905-F64C-93D8-8B6A81B2A5F5}.Debug|Win32.Build.0 = Debug|Win32
		{047565DB-1905-F64C-93D8-8B6A81B2A5F5}.Debug|x64.ActiveCfg = Debug|x64
		{047565DB-1905-F64C-93D8-8B6A81B2A5F5}.Debug|x64.Build.0 = Debug|x64
		{0384AA68-BA82-A248-92DD-4454F03BBBDF}.Release|Win32.ActiveCfg = Release|Win32
		{0384AA68-BA82-A248-92DD-4454F03BBBDF}.Release|Win32.Build.0 = Release|Win32
		{0384AA68-BA82-A248-92DD-4454F03BBBDF}.Release|x64.ActiveCfg = Release|x64
		{0384AA68-BA82-A248-92DD-4454F03BBBDF}.Release|x64.Build.0 = Release|x64
		{0384AA68-BA82-A248-92DD-4454F03BBBDF}.Debug|Win32.ActiveCfg = Debug|Win32
		{0384AA68-BA82-A248-92DD-4454F03BBBDF}.Debug|Win32.Build.0 = Debug|Win32
		{0384AA68-BA82-A248-92DD-4454F03BBBDF}.Debug|x64.ActiveCfg = Debug|x64
		{0384AA68-BA82-A248-92DD-4454F03BBBDF}.Debug|x64.Build.0 = Debug|x64
		{F70AB8E1-ABF2-A342-BA8D-C9FDBB31A24D}.Release|Win32.ActiveCfg = Release|Win32
		{F70AB8E1-ABF2-A342-BA8D-C9FDBB31A24D}.Release|Win32.Build.0 = Release|Win32
		{F70AB8E1-ABF2-A342-BA8D-C9FDBB31A24D}.Release|x64.ActiveCfg = Release|x64
		{F70AB8E1-ABF2-A342-BA8D-C9FDBB31A24D}.Release|x64.Build.0 = Release|x64
		{F70AB8E1-ABF2-A342-BA8D-C9FDBB31A24D}.Debug|Win32.ActiveCfg = Debug|Win32
		{F70AB8E1-ABF2-A342-BA8D-C9FDBB31A24D}.Debug|Win32.Build.0 = Debug|Win32
		{F70AB8E1-ABF2-A342-BA8D-C9FDBB31A24D}.Debug|x64.ActiveCfg = Debug|x64
		{F70AB8E1-ABF2-A342-BA8D-C9FDBB31A24D}.Debug|x64.Build.0 = Debug|x64
		{CA36C061-D292-B442-826D-433475F58744}.Release|Win32.ActiveCfg = Release|Win32
		{CA36C061-D292-B442-826D-433475F58744}.Release|Win32.Build.0 = Release|Win32
		{CA36C061-D292-B442-826D-433475F58744}.Release|x64.ActiveCfg = Release|x64
		{CA36C061-D292-B442-826D-433475F58744}.Release|x64.Build.0 = Release|x64
		{CA36C061-D292-B442-826D-433475F58744}.Debug|Win32.ActiveCfg = Debug|Win32
		{CA36C061-D292-B442-826D-433475F58744}.Debug|Win32.Build.0 = Debug|Win32
		{CA36C061-D292-B442-826D-433475F58744}.Debug|x64.ActiveCfg = Debug|x64
		{CA36C061-D292-B442-826D-433475F58744}.Debug|x64.Build.0 = Debug|x64
		{1BF47B75-0900-564E-8668-475EB6E9F839}.Release|Win32.ActiveCfg = Release|Win32
		{1BF47B75-0900-564E-8668-475EB6E9F839}.Release|Win32.Build.0 = Release|Win32
		{1BF47B75-0900-564E-8668-475EB6E9F839}.Release|x64.ActiveCfg = Release|x64
		{1BF47B75-0900-564E-8668-475EB6E9F839}.Release|x64.Build.0 = Release|x64
		{1BF47B75-0900-564E-8668-475EB6E9F839}.Debug|Win32.ActiveCfg = Debug|Win32
		{1BF47B75-0900-564E-8668-475EB6E9F839}.Debug|Win32.Build.0 = Debug|Win32
		{1BF47B75-0900-564E-8668-475EB6E9F839}.Debug|x64.ActiveCfg = Debug|x64
		{1BF47B75-0900-564E-8668-475EB6E9F839}.Debug|x64.Build.0 = Debug|x64
		{23231184-9973-6947-BBAB-13B653A7988B}.Release|Win32.ActiveCfg = Release|Win32
		{23231184-9973-6947-BBAB-13B653A7988B}.Release|Win32.Build.0 = Release|Win32
		{23231184-9973-6947-BBAB-13B653A7988B}.Release|x64.ActiveCfg = Release|x64
		{23231184-9973-6947-BBAB-13B653A7988B}.Release|x64.Build.0 = Release|x64
		{23231184-9973-6947-BBAB-13B653A7988B}.Debug|Win32.ActiveCfg = Debug|Win32
		{23231184-9973-6947-BBAB-13B653A7988B}.Debug|Win32.Build.0 = Debug|Win32
		{23231184-9973-6947-BBAB-13B653A7988B}.Debug|x64.ActiveCfg = Debug|x64
		{23231184-9973-6947-BBAB-13B653A7988B}.Debug|x64.Build.0 = Debug|x64
		{DAF668E7-A480-6245-B584-D663A8B36BFE}.Release|Win32.ActiveCfg = Release|Win32
		{DAF668E7-A480-6245-B584-D663A8B36BFE}.Release|Win32.Build.0 = Release|Win32
		{DAF668E7-A480-6245-B584-D663A8B36BFE}.Release|x64.ActiveCfg = Release|x64
		{DAF668E7-A480-6245-B584-D663A8B36BFE}.Release|x64.Build.0 = Release|x64
		{DAF668E7-A480-6245-B584-D663A8B36BFE}.Debug|Win32.ActiveCfg = Debug|Win32
		{DAF668E7-A480-6245-B584-D663A8B36BFE}.Debug|Win32.Build.0 = Debug|Win32
		{DAF668E7-A480-6245-B584-D663A8B36BFE}.Debug|x64.ActiveCfg = Debug|x64
		{DAF668E7-A480-6245-B584-D663A8B36BFE}.Debug|x64.Build.0 = Debug|x64
		{12F128C1-7B59-FA43-9F17-FCC2FA9D3B97}.Release|Win32.ActiveCfg = Release|Win32
		{12F128C1-7B59-FA43-9F17-FCC2FA9D3B97}.Release|Win32.Build.0 = Release|Win32
		{12F128C1-7B59-FA43-9F17-FCC2FA9D3B97}.Release|x64.ActiveCfg = Release|x64
		{12F128C1-7B59-FA43-9F17-FCC2FA9D3B97}.Release|x64.Build.0 = Release|x64
		{12F128C1-7B59-FA43-9F17-FCC2FA9D3B97}.Debug|Win32.ActiveCfg = Debug|Win32
		{12F128C1-7B59-FA43-9F17-FCC2FA9D3B97}.Debug|Win32.Build.0 = Debug|Win32
		{12F128C1-7B59-FA43-9F17-FCC2FA9D3B97}.Debug|x64.ActiveCfg = Debug|x64
		{12F128C1-7B59-FA43-9F17-FCC2FA9D3B97}.Debug|x64.Build.0 = Debug|x64
		{E7948F94-A4ED-FB4A-B3F5-1E9BDF4C066F}.Release|Win32.ActiveCfg = Release|Win32
		{E7948F94-A4ED-FB4A-B3F5-1E9BDF4C066F}.Release|Win32.Build.0 = Release|Win32
		{E7948F94-A4ED-FB4A-B3F5-1E9BDF4C066F}.Release|x64.ActiveCfg = Release|x64
		{E7948F94-A4ED-FB4A-B3F5-1E9BDF4C066F}.Release|x64.Build.0 = Release|x64
		{E7948F94-A4ED-FB4A-B3F5-1E9BDF4C066F}.Debug|Win32.ActiveCfg = Debug|Win32
		{E7948F94-A4ED-FB4A-B3F5-1E9BDF4C066F}.Debug|Win32.Build.0 = Debug|Win32
		{E7948F94-A4ED-FB4A-B3F5-1E9BDF4C066F}.Debug|x64.ActiveCfg = Debug|x64
		{E7948F94-A4ED-FB4A-B3F5-1E9BDF4C066F}.Debug|x64.Build.0 = Debug|x64
		{6B75367A-7C70-164C-B332-DDA588CD6AE6}.Release|Win32.ActiveCfg = Release|Win32
		{6B75367A-7C70-164C-B332-DDA588CD6AE6}.Release|Win32.Build.0 = Release|Win32
		{6B75367A-7C70-164C-B332-DDA588CD6AE6}.Release|x64.ActiveCfg = Release|x64
		{6B75367A-7C70-164C-B332-DDA588CD6AE6}.Release|x64.Build.0 = Release|x64
		{6B75367A-7C70-164C-B332-DDA588CD6AE6}.Debug|Win32.ActiveCfg = Debug|Win32
		{6B75367A-7C70-164C-B332-DDA588CD6AE6}.Debug|Win32.Build.0 = Debug|Win32
		{6B75367A-7C70-164C-B332-DDA588CD6AE6}.Debug|x64.ActiveCfg = Debug|x64
		{6B75367A-7C70-164C-B332-DDA588CD6AE6}.Debug|x64.Build.0 = Debug|x64
		{5245506F-0739-EC4E-9231-8183FB629811}.Release|Win32.ActiveCfg = Release|Win32
		{5245506F-0739-EC4E-9231-8183FB629811}.Release|Win32.Build.0 = Release|Win32
		{5245506F-0739-EC4E-9231-8183FB629811}.Release|x64.ActiveCfg = Release|x64
		{5245506F-0739-EC4E-9231-8183FB629811}.Release|x64.Build.0 = Release|x64
		{5245506F-0739-EC4E-9231-8183FB629811}.Debug|Win32.ActiveCfg = Debug|Win32
		{5245506F-0739-EC4E-9231-8183FB629811}.Debug|Win32.Build.0 = Debug|Win32
		{5245506F-0739-EC4E-9231-8183FB629811}.Debug|x64.ActiveCfg = Debug|x64
		{5245506F-0739-EC4E-9231-8183FB629811}.Debug|x64.Build.0 = Debug|x64
		{33CC781F-CE44-8143-93DF-043D347BE204}.Release|Win32.ActiveCfg = Release|Win32
		{33CC781F-CE44-8143-93DF-043D347BE204}.Release|Win32.Build.0 = Release|Win32
		{33CC781F-CE44-8143-93DF-043D347BE204}.Release|x64.ActiveCfg = Release|x64
		{33CC781F-CE44-8143-93DF-043D347BE204}.Release|x64.Build.0 = Release|x64
		{33CC781F-CE44-8143-93DF-043D347BE204}.Debug|Win32.ActiveCfg = Debug|Win32
		{33CC781F-CE44-8143-93DF-043D347BE204}.Debug|Win32.Build.0 = Debug|Win32
		{33CC781F-CE44-8143-93DF-043D347BE204}.Debug|x64.ActiveCfg = Debug|x64
		{33CC781F-CE44-8143-93DF-043D347BE204}.Debug|x64.Build.0 = Debug|x64
		{40118E48-51AA-AA4F-B3B3-18D309A51814}.Release|Win32.ActiveCfg = Release|Win32
		{40118E48-51AA-AA4F-B3B3-18D309A51814}.Release|Win32.Build.0 = Release|Win32
		{40118E48-51AA-AA4F-B3B3-18D309A51814}.Release|x64.ActiveCfg = Release|x64
		{40118E48-51AA-AA4F-B3B3-18D309A51814}.Release|x64.Build.0 = Release|x64
		{40118E48-51AA-AA4F-B3B3-18D309A51814}.Debug|Win32.ActiveCfg = Debug|Win32
		{40118E48-51AA-AA4F-B3B3-18D309A51814}.Debug|Win32.Build.0 = Debug|Win32
		{40118E48-51AA-AA4F-B3B3-18D309A51814}.Debug|x64.ActiveCfg = Debug|x64
		{40118E48-51AA-AA4F-B3B3-18D309A51814}.Debug|x64.Build.0 = Debug|x64
		{C5F4FA85-2DC9-A045-9172-F83BD16A8113}.Release|Win32.ActiveCfg = Release|Win32
		{C5F4FA85-2DC9-A045-9172-F83BD16A8113}.Release|Win32.Build.0 = Release|Win32
		{C5F4FA85-2DC9-A045-9172-F83BD16A8113}.Release|x64.ActiveCfg = Release|x64
		{C5F4FA85-2DC9-A045-9172-F83BD16A8113}.Release|x64.Build.0 = Release|x64
		{C5F4FA85-2DC9-A045-9172-F83BD16A8113}.Debug|Win32.ActiveCfg = Debug|Win32
		{C5F4FA85-2DC9-A045-9172-F83BD16A8113}.Debug|Win32.Build.0 = Debug|Win32
		{C5F4FA85-2DC9-A045-9172-F83BD16A8113}.Debug|x64.ActiveCfg = Debug|x64
		{C5F4FA85-2DC9-A045-9172-F83BD16A8113}.Debug|x64.Build.0 = Debug|x64
		{36CE4533-ED70-9B4D-BF81-5A4C4516F7CC}.Release|Win32.ActiveCfg = Release|Win32
		{36CE4533-ED70-9B4D-BF81-5A4C4516F7CC}.Release|Win32.Build.0 = Release|Win32
		{36CE4533-ED70-9B4D-BF81-5A4C4516F7CC}.Release|x64.ActiveCfg = Release|x64
		{36CE4533-ED70-9B4D-BF81-5A4C4516F7CC}.Release|x64.Build.0 = Release|x64
		{36CE4533-ED70-9B4D-BF81-5A4C4516F7CC}.Debug|Win32.ActiveCfg = Debug|Win32
		{36CE4533-ED70-9B4D-BF81-5A4C4516F7CC}.Debug|Win32.Build.0 = Debug|Win32
		{36CE4533-ED70-9B4D-BF81-5A4C4516F7CC}.Debug|x64.ActiveCfg = Debug|x64
		{36CE4533-ED70-9B4D-BF81-5A4C4516F7CC}.Debug|x64.Build.0 = Debug|x64
		{429D70B3-6ADC-DB46-86A7-F9944EA43129}.Release|Win32.ActiveCfg = Release|Win32
		{429D70B3-6ADC-DB46-86A7-F9944EA43129}.Release|Win32.Build.0 = Release|Win32
		{429D70B3-6ADC-DB46-86A7-F9944EA43129}.Release|x64.ActiveCfg = Release|x64
		{429D70B3-6ADC-DB46-86A7-F9944EA43129}.Release|x64.Build.0 = Release|x64
		{429D70B3-6ADC-DB46-86A7-F9944EA43129}.Debug|Win32.ActiveCfg = Debug|Win32
		{429D70B3-6ADC-DB46-86A7-F9944EA43129}.Debug|Win32.Build.0 = Debug|Win32
		{429D70B3-6ADC-DB46-86A7-F9944EA43129}.Debug|x64.ActiveCfg = Debug|x64
		{429D70B3-6ADC-DB46-86A7-F9944EA43129}.Debug|x64.Build.0 = Debug|x64
		{B7AA2BAA-A3BB-E345-9692-D86C2831076A}.Release|Win32.ActiveCfg = Release|Win32
		{B7AA2BAA-A3BB-E345-9692-D86C2831076A}.Release|Win32.Build.0 = Release|Win32
		{B7AA2BAA-A3BB-E345-9692-D86C2831076A}.Release|x64.ActiveCfg = Release|x64
		{B7AA2BAA-A3BB-E345-9692-D86C2831076A}.Release|x64.Build.0 = Release|x64
		{B7AA2BAA-A3BB-E345-9692-D86C2831076A}.Debug|Win32.ActiveCfg = Debug|Win32
		{B7AA2BAA-A3BB-E345-9692-D86C2831076A}.Debug|Win32.Build.0 = Debug|Win32
		{B7AA2BAA-A3BB-E345-9692-D86C2831076A}.Debug|x64.ActiveCfg = Debug|x64
		{B7AA2BAA-A3BB-E345-9692-D86C2831076A}.Debug|x64.Build.0 = Debug|x64
		{235302F6-36BC-EB45-A823-A85D2BC4E6B7}.Release|Win32.ActiveCfg = Release|Win32
		{235302F6-36BC-EB45-A823-A85D2BC4E6B7}.Release|Win32.Build.0 = Release|Win32
		{235302F6-36BC-EB45-A823-A85D2BC4E6B7}.Release|x64.ActiveCfg = Release|x64
		{235302F6-36BC-EB45-A823-A85D2BC4E6B7}.Release|x64.Build.0 = Release|x64
		{235302F6-36BC-EB45-A823-A85D2BC4E6B7}.Debug|Win32.ActiveCfg = Debug|Win32
		{235302F6-36BC-EB45-A823-A85D2BC4E6B7}.Debug|Win32.Build.0 = Debug|Win32
		{235302F6-36BC-EB45-A823-A85D2BC4E6B7}.Debug|x64.ActiveCfg = Debug|x64
		{235302F6-36BC-EB45-A823-A85D2BC4E6B7}.Debug|x64.Build.0 = Debug|x64
		{6C198D37-F655-6542-99E5-3740C25CA81B}.Release|Win32.ActiveCfg = Release|Win32
		{6C198D37-F655-6542-99E5-3740C25CA81B}.Release|Win32.Build.0 = Release|Win32
		{6C198D37-F655-6542-99E5-3740C25CA81B}.Release|x64.ActiveCfg = Release|x64
		{6C198D37-F655-6542-99E5-3740C25CA81B}.Release|x64.Build.0 = Release|x64
		{6C198D37-F655-6542-99E5-3740C25CA81B}.Debug|Win32.ActiveCfg = Debug|Win32
		{6C198D37-F655-6542-99E5-3740C25CA81B}.Debug|Win32.Build.0 = Debug|Win32
		{6C198D37-F655-6542-99E5-3740C25CA81B}.Debug|x64.ActiveCfg = Debug|x64
		{6C198D37-F655-6542-99E5-3740C25CA81B}.Debug|x64.Build.0 = Debug|x64
		{0CE7608D-EEAE-1742-BBE3-71F4CF2A1E55}.Release|Win32.ActiveCfg = Release|Win32
		{0CE7608D-EEAE-1742-BBE3-71F4CF2A1E55}.Release|Win32.Build.0 = Release|Win32
		{0CE7608D-EEAE-1742-BBE3-71F4CF2A1E55}.Release|x64.ActiveCfg = Release|x64
		{0CE7608D-EEAE-1742-BBE3-71F4CF2A1E55}.Release|x64.Build.0 = Release|x64
		{0CE7608D-EEAE-1742-BBE3-71F4CF2A1E55}.Debug|Win32.ActiveCfg = Debug|Win32
		{0CE7608D-EEAE-1742-BBE3-71F4CF2A1E55}.Debug|Win32.Build.0 = Debug|Win32
		{0CE7608D-EEAE-1742-BBE3-71F4CF2A1E55}.Debug|x64.ActiveCfg = Debug|x64
		{0CE7608D-EEAE-1742-BBE3-71F4CF2A1E55}.Debug|x64.Build.0 = Debug|x64
		{67DA5249-A341-8741-8BCC-673DE16D3DB0}.Release|Win32.ActiveCfg = Release|Win32
		{67DA5249-A341-8741-8BCC-673DE16D3DB0}.Release|Win32.Build.0 = Release|Win32
		{67DA5249-A341-8741-8BCC-673DE16D3DB0}.Release|x64.ActiveCfg = Release|x64
		{67DA5249-A341-8741-8BCC-673DE16D3DB0}.Release|x64.Build.0 = Release|x64
		{67DA5249-A341-8741-8BCC-673DE16D3DB0}.Debug|Win32.ActiveCfg = Debug|Win32
		{67DA5249-A341-8741-8BCC-673DE16D3DB0}.Debug|Win32.Build.0 = Debug|Win32
		{67DA5249-A341-8741-8BCC-673DE16D3DB0}.Debug|x64.ActiveCfg = Debug|x64
		{67DA5249-A341-8741-8BCC-673DE16D3DB0}.Debug|x64.Build.0 = Debug|x64
		{BD9C8742-CBE2-D04F-98E3-5F80D5E3FB96}.Release|Win32.ActiveCfg = Release|Win32
		{BD9C8742-CBE2-D04F-98E3-5F80D5E3FB96}.Release|Win32.Build.0 = Release|Win32
		{BD9C8742-CBE2-D04F-98E3-5F80D5E3FB96}.Release|x64.ActiveCfg = Release|x64
		{BD9C8742-CBE2-D04F-98E3-5F80D5E3FB96}.Release|x64.Build.0 = Release|x64
		{BD9C8742-CBE2-D04F-98E3-5F80D5E3FB96}.Debug|Win32.ActiveCfg = Debug|Win32
		{BD9C8742-CBE2-D04F-98E3-5F80D5E3FB96}.Debug|Win32.Build.0 = Debug|Win32
		{BD9C8742-CBE2-D04F-98E3-5F80D5E3FB96}.Debug|x64.ActiveCfg = Debug|x64
		{BD9C8742-CBE2-D04F-98E3-5F80D5E3FB96}.Debug|x64.Build.0 = Debug|x64
		{1F16D418-1BD1-FE49-8900-6C08C00569A9}.Release|Win32.ActiveCfg = Release|Win32
		{1F16D418-1BD1-FE49-8900-6C08C00569A9}.Release|Win32.Build.0 = Release|Win32
		{1F16D418-1BD1-FE49-8900-6C08C00569A9}.Release|x64.ActiveCfg = Release|x64
		{1F16D418-1BD1-FE49-8900-6C08C00569A9}.Release|x64.Build.0 = Release|x64
		{1F16D418-1BD1-FE49-8900-6C08C00569A9}.Debug|Win32.ActiveCfg = Debug|Win32
		{1F16D418-1BD1-FE49-8900-6C08C00569A9}.Debug|Win32.Build.0 = Debug|Win32
		{1F16D418-1BD1-FE49-8900-6C08C00569A9}.Debug|x64.ActiveCfg = Debug|x64
		{1F16D418-1BD1-FE49-8900-6C08C00569A9}.Debug|x64.Build.0 = Debug|x64
		{AF82867E-4DA4-3B41-A7B8-6012A9177CA4}.Release|Win32.ActiveCfg = Release|Win32
		{AF82867E-4DA4-3B41-A7B8-6012A9177CA4}.Release|Win32.Build.0 = Release|Win32
		{AF82867E-4DA4-3B41-A7B8-6012A9177CA4}.Release|x64.ActiveCfg = Release|x64
		{AF82867E-4DA4-3B41-A7B8-6012A9177CA4}.Release|x64.Build.0 = Release|x64
		{AF82867E-4DA4-3B41-A7B8-6012A9177CA4}.Debug|Win32.ActiveCfg = Debug|Win32
		{AF82867E-4DA4-3B41-A7B8-6012A9177CA4}.Debug|Win32.Build.0 = Debug|Win32
		{AF82867E-4DA4-3B41-A7B8-6012A9177CA4}.Debug|x64.ActiveCfg = Debug|x64
		{AF82867E-4DA4-3B41-A7B8-6012A9177CA4}.Debug|x64.Build.0 = Debug|x64
		{AE294415-0EB7-F54B-A120-9A7134B505F4}.Release|Win32.ActiveCfg = Release|Win32
		{AE294415-0EB7-F54B-A120-9A7134B505F4}.Release|Win32.Build.0 = Release|Win32
		{AE294415-0EB7-F54B-A120-9A7134B505F4}.Release|x64.ActiveCfg = Release|x64
		{AE294415-0EB7-F54B-A120-9A7134B505F4}.Release|x64.Build.0 = Release|x64
		{AE294415-0EB7-F54B-A120-9A7134B505F4}.Debug|Win32.ActiveCfg = Debug|Win32
		{AE294415-0EB7-F54B-A120-9A7134B505F4}.Debug|Win32.Build.0 = Debug|Win32
		{AE294415-0EB7-F54B-A120-9A7134B505F4}.Debug|x64.ActiveCfg = Debug|x64
		{AE294415-0EB7-F54B-A120-9A7134B505F4}.Debug|x64.Build.0 = Debug|x64
		{FFD1D842-DB9E-2D44-9B59-6F81959AA06C}.Release|Win32.ActiveCfg = Release|Win32
		{FFD1D842-DB9E-2D44-9B59-6F81959AA06C}.Release|Win32.Build.0 = Release|Win32
		{FFD1D842-DB9E-2D44-9B59-6F81959AA06C}.Release|x64.ActiveCfg = Release|x64
		{FFD1D842-DB9E-2D44-9B59-6F81959AA06C}.Release|x64.Build.0 = Release|x64
		{FFD1D842-DB9E-2D44-9B59-6F81959AA06C}.Debug|Win32.ActiveCfg = Debug|Win32
		{FFD1D842-DB9E-2D44-9B59-6F81959AA06C}.Debug|Win32.Build.0 = Debug|Win32
		{FFD1D842-DB9E-2D44-9B59-6F81959AA06C}.Debug|x64.ActiveCfg = Debug|x64
		{FFD1D842-DB9E-2D44-9B59-6F81959AA06C}.Debug|x64.Build.0 = Debug|x64
		{348E567A-7DD4-4F41-82DD-124C0086090E}.Release|Win32.ActiveCfg = Release|Win32
		{348E567A-7DD4-4F41-82DD-124C0086090E}.Release|Win32.Build.0 = Release|Win32
		{348E567A-7DD4-4F41-82DD-124C0086090E}.Release|x64.ActiveCfg = Release|x64
		{348E567A-7DD4-4F41-82DD-124C0086090E}.Release|x64.Build.0 = Release|x64
		{348E567A-7DD4-4F41-82DD-124C0086090E}.Debug|Win32.ActiveCfg = Debug|Win32
		{348E567A-7DD4-4F41-82DD-124C0086090E}.Debug|Win32.Build.0 = Debug|Win32
		{348E567A-7DD4-4F41-82DD-124C0086090E}.Debug|x64.ActiveCfg = Debug|x64
		{348E567A-7DD4-4F41-82DD-124C0086090E}.Debug|x64.Build.0 = Debug|x64
		{345838B5-3A7C-5E40-A78B-5E95E20FBDCF}.Release|Win32.ActiveCfg = Release|Win32
		{345838B5-3A7C-5E40-A78B-5E95E20FBDCF}.Release|Win32.Build.0 = Release|Win32
		{345838B5-3A7C-5E40-A78B-5E95E20FBDCF}.Release|x64.ActiveCfg = Release|x64
		{345838B5-3A7C-5E40-A78B-5E95E20FBDCF}.Release|x64.Build.0 = Release|x64
		{345838B5-3A7C-5E40-A78B-5E95E20FBDCF}.Debug|Win32.ActiveCfg = Debug|Win32
		{345838B5-3A7C-5E40-A78B-5E95E20FBDCF}.Debug|Win32.Build.0 = Debug|Win32
		{345838B5-3A7C-5E40-A78B-5E95E20FBDCF}.Debug|x64.ActiveCfg = Debug|x64
		{345838B5-3A7C-5E40-A78B-5E95E20FBDCF}.Debug|x64.Build.0 = Debug|x64
		{111BA7DE-5E58-4F4A-8BE3-DAD69344A175}.Release|Win32.ActiveCfg = Release|Win32
		{111BA7DE-5E58-4F4A-8BE3-DAD69344A175}.Release|Win32.Build.0 = Release|Win32
		{111BA7DE-5E58-4F4A-8BE3-DAD69344A175}.Release|x64.ActiveCfg = Release|x64
		{111BA7DE-5E58-4F4A-8BE3-DAD69344A175}.Release|x64.Build.0 = Release|x64
		{111BA7DE-5E58-4F4A-8BE3-DAD69344A175}.Debug|Win32.ActiveCfg = Debug|Win32
		{111BA7DE-5E58-4F4A-8BE3-DAD69344A175}.Debug|Win32.Build.0 = Debug|Win32
		{111BA7DE-5E58-4F4A-8BE3-DAD69344A175}.Debug|x64.ActiveCfg = Debug|x64
		{111BA7DE-5E58-4F4A-8BE3-DAD69344A175}.Debug|x64.Build.0 = Debug|x64
		{CD19529C-ECB4-8A45-AFBB-83CF47D5CBCF}.Release|Win32.ActiveCfg = Release|Win32
		{CD19529C-ECB4-8A45-AFBB-83CF47D5CBCF}.Release|Win32.Build.0 = Release|Win32
		{CD19529C-ECB4-8A45-AFBB-83CF47D5CBCF}.Release|x64.ActiveCfg = Release|x64
		{CD19529C-ECB4-8A45-AFBB-83CF47D5CBCF}.Release|x64.Build.0 = Release|x64
		{CD19529C-ECB4-8A45-AFBB-83CF47D5CBCF}.Debug|Win32.ActiveCfg = Debug|Win32
		{CD19529C-ECB4-8A45-AFBB-83CF47D5CBCF}.Debug|Win32.Build.0 = Debug|Win32
		{CD19529C-ECB4-8A45-AFBB-83CF47D5CBCF}.Debug|x64.ActiveCfg = Debug|x64
		{CD19529C-ECB4-8A45-AFBB-83CF47D5CBCF}.Debug|x64.Build.0 = Debug|x64
		{0D1512EE-A698-BE44-BF6A-C9CBF557F8DF}.Release|Win32.ActiveCfg = Release|Win32
		{0D1512EE-A698-BE44-BF6A-C9CBF557F8DF}.Release|Win32.Build.0 = Release|Win32
		{0D1512EE-A698-BE44-BF6A-C9CBF557F8DF}.Release|x64.ActiveCfg = Release|x64
		{0D1512EE-A698-BE44-BF6A-C9CBF557F8DF}.Release|x64.Build.0 = Release|x64
		{0D1512EE-A698-BE44-BF6A-C9CBF557F8DF}.Debug|Win32.ActiveCfg = Debug|Win32
		{0D1512EE-A698-BE44-BF6A-C9CBF557F8DF}.Debug|Win32.Build.0 = Debug|Win32
		{0D1512EE-A698-BE44-BF6A-C9CBF557F8DF}.Debug|x64.ActiveCfg = Debug|x64
		{0D1512EE-A698-BE44-BF6A-C9CBF557F8DF}.Debug|x64.Build.0 = Debug|x64
		{8BFFD775-87AA-2B4E-853E-45AE3C49B6CD}.Release|Win32.ActiveCfg = Release|Win32
		{8BFFD775-87AA-2B4E-853E-45AE3C49B6CD}.Release|Win32.Build.0 = Release|Win32
		{8BFFD775-87AA-2B4E-853E-45AE3C49B6CD}.Release|x64.ActiveCfg = Release|x64
		{8BFFD775-87AA-2B4E-853E-45AE3C49B6CD}.Release|x64.Build.0 = Release|x64
		{8BFFD775-87AA-2B4E-853E-45AE3C49B6CD}.Debug|Win32.ActiveCfg = Debug|Win32
		{8BFFD775-87AA-2B4E-853E-45AE3C49B6CD}.Debug|Win32.Build.0 = Debug|Win32
		{8BFFD775-87AA-2B4E-853E-45AE3C49B6CD}.Debug|x64.ActiveCfg = Debug|x64
		{8BFFD775-87AA-2B4E-853E-45AE3C49B6CD}.Debug|x64.Build.0 = Debug|x64
		{F0E4CF3E-402A-6740-89FC-528F5A9FAFBE}.Release|Win32.ActiveCfg = Release|Win32
		{F0E4CF3E-402A-6740-89FC-528F5A9FAFBE}.Release|Win32.Build.0 = Release|Win32
		{F0E4CF3E-402A-6740-89FC-528F5A9FAFBE}.Release|x64.ActiveCfg = Release|x64
		{F0E4CF3E-402A-6740-89FC-528F5A9FAFBE}.Release|x64.Build.0 = Release|x64
		{F0E4CF3E-402A-6740-89FC-528F5A9FAFBE}.Debug|Win32.ActiveCfg = Debug|Win32
		{F0E4CF3E-402A-6740-89FC-528F5A9FAFBE}.Debug|Win32.Build.0 = Debug|Win32
		{F0E4CF3E-402A-6740-89FC-528F5A9FAFBE}.Debug|x64.ActiveCfg = Debug|x64
		{F0E4CF3E-402A-6740-89FC-528F5A9FAFBE}.Debug|x64.Build.0 = Debug|x64
		{C0C0E3E0-F4DB-8E45-BD0E-3F90337EB001}.Release|Win32.ActiveCfg = Release|Win32
		{C0C0E3E0-F4DB-8E45-BD0E-3F90337EB001}.Release|Win32.Build.0 = Release|Win32
		{C0C0E3E0-F4DB-8E45-BD0E-3F90337EB001}.Release|x64.ActiveCfg = Release|x64
		{C0C0E3E0-F4DB-8E45-BD0E-3F90337EB001}.Release|x64.Build.0 = Release|x64
		{C0C0E3E0-F4DB-8E45-BD0E-3F90337EB001}.Debug|Win32.ActiveCfg = Debug|Win32
		{C0C0E3E0-F4DB-8E45-BD0E-3F90337EB001}.Debug|Win32.Build.0 = Debug|Win32
		{C0C0E3E0-F4DB-8E45-BD0E-3F90337EB001}.Debug|x64.ActiveCfg = Debug|x64
		{C0C0E3E0-F4DB-8E45-BD0E-3F90337EB001}.Debug|x64.Build.0 = Debug|x64
		{D12EE713-D8D3-8D4B-9631-A49FE44ED102}.Release|Win32.ActiveCfg = Release|Win32
		{D12EE713-D8D3-8D4B-9631-A49FE44ED102}.Release|Win32.Build.0 = Release|Win32
		{D12EE713-D8D3-8D4B-9631-A49FE44ED102}.Release|x64.ActiveCfg = Release|x64
		{D12EE713-D8D3-8D4B-9631-A49FE44ED102}.Release|x64.Build.0 = Release|x64
		{D12EE713-D8D3-8D4B-9631-A49FE44ED102}.Debug|Win32.ActiveCfg = Debug|Win32
		{D12EE713-D8D3-8D4B-9631-A49FE44ED102}.Debug|Win32.Build.0 = Debug|Win32
		{D12EE713-D8D3-8D4B-9631-A49FE44ED102}.Debug|x64.ActiveCfg = Debug|x64
		{D12EE713-D8D3-8D4B-9631-A49FE44ED102}.Debug|x64.Build.0 = Debug|x64
		{4815FFFA-8D96-0D45-A4CD-83A26396CF93}.Release|Win32.ActiveCfg = Release|Win32
		{4815FFFA-8D96-0D45-A4CD-83A26396CF93}.Release|Win32.Build.0 = Release|Win32
		{4815FFFA-8D96-0D45-A4CD-83A26396CF93}.Release|x64.ActiveCfg = Release|x64
		{4815FFFA-8D96-0D45-A4CD-83A26396CF93}.Release|x64.Build.0 = Release|x64
		{4815FFFA-8D96-0D45-A4CD-83A26396CF93}.Debug|Win32.ActiveCfg = Debug|Win32
		{4815FFFA-8D96-0D45-A4CD-83A26396CF93}.Debug|Win32.Build.0 = Debug|Win32
		{4815FFFA-8D96-0D45-A4CD-83A26396CF93}.Debug|x64.ActiveCfg = Debug|x64
		{4815FFFA-8D96-0D45-A4CD-83A26396CF93}.Debug|x64.Build.0 = Debug|x64
		{E6BD5F6F-0C62-B246-879E-83FCA942B08B}.Release|Win32.ActiveCfg = Release|Win32
		{E6BD5F6F-0C62-B246-879E-83FCA942B08B}.Release|Win32.Build.0 = Release|Win32
		{E6BD5F6F-0C62-B246-879E-83FCA942B08B}.Release|x64.ActiveCfg = Release|x64
		{E6BD5F6F-0C62-B246-879E-83FCA942B08B}.Release|x64.Build.0 = Release|x64
		{E6BD5F6F-0C62-B246-879E-83FCA942B08B}.Debug|Win32.ActiveCfg = Debug|Win32
		{E6BD5F6F-0C62-B246-879E-83FCA942B08B}.Debug|Win32.Build.0 = Debug|Win32
		{E6BD5F6F-0C62-B246-879E-83FCA942B08B}.Debug|x64.ActiveCfg = Debug|x64
		{E6BD5F6F-0C62-B246-879E-83FCA942B08B}.Debug|x64.Build.0 = Debug|x64
		{02D019D3-2528-784C-9CBE-AEA15609DE52}.Release|Win32.ActiveCfg = Release|Win32
		{02D019D3-2528-784C-9CBE-AEA15609DE52}.Release|Win32.Build.0 = Release|Win32
		{02D019D3-2528-784C-9CBE-AEA15609DE52}.Release|x64.ActiveCfg = Release|x64
		{02D019D3-2528-784C-9CBE-AEA15609DE52}.Release|x64.Build.0 = Release|x64
		{02D019D3-2528-784C-9CBE-AEA15609DE52}.Debug|Win32.ActiveCfg = Debug|Win32
		{02D019D3-2528-784C-9CBE-AEA15609DE52}.Debug|Win32.Build.0 = Debug|Win32
		{02D019D3-2528-784C-9CBE-AEA15609DE52}.Debug|x64.ActiveCfg = Debug|x64
		{02D019D3-2528-784C-9CBE-AEA15609DE52}.Debug|x64.Build.0 = Debug|x64
		{A016772E-3F3D-A443-822F-8716207D6B2A}.Release|Win32.ActiveCfg = Release|Win32
		{A016772E-3F3D-A443-822F-8716207D6B2A}.Release|Win32.Build.0 = Release|Win32
		{A016772E-3F3D-A443-822F-8716207D6B2A}.Release|x64.ActiveCfg = Release|x64
		{A016772E-3F3D-A443-822F-8716207D6B2A}.Release|x64.Build.0 = Release|x64
		{A016772E-3F3D-A443-822F-8716207D6B2A}.Debug|Win32.ActiveCfg = Debug|Win32
		{A016772E-3F3D-A443-822F-8716207D6B2A}.Debug|Win32.Build.0 = Debug|Win32
		{A016772E-3F3D-A443-822F-8716207D6B2A}.Debug|x64.ActiveCfg = Debug|x64
		{A016772E-3F3D-A443-822F-8716207D6B2A}.Debug|x64.Build.0 = Debug|x64
		{04ADD791-5BB6-2745-A52F-6DBF1DC32832}.Release|Win32.ActiveCfg = Release|Win32
		{04ADD791-5BB6-2745-A52F-6DBF1DC32832}.Release|Win32.Build.0 = Release|Win32
		{04ADD791-5BB6-2745-A52F-6DBF1DC32832}.Release|x64.ActiveCfg = Release|x64
		{04ADD791-5BB6-2745-A52F-6DBF1DC32832}.Release|x64.Build.0 = Release|x64
		{04ADD791-5BB6-2745-A52F-6DBF1DC32832}.Debug|Win32.ActiveCfg = Debug|Win32
		{04ADD791-5BB6-2745-A52F-6DBF1DC32832}.Debug|Win32.Build.0 = Debug|Win32
		{04ADD791-5BB6-2745-A52F-6DBF1DC32832}.Debug|x64.ActiveCfg = Debug|x64
		{04ADD791-5BB6-2745-A52F-6DBF1DC32832}.Debug|x64.Build.0 = Debug|x64
		{5624CD04-277D-AB4D-9B8A-54BCBB3C8835}.Release|Win32.ActiveCfg = Release|Win32
		{5624CD04-277D-AB4D-9B8A-54BCBB3C8835}.Release|Win32.Build.0 = Release|Win32
		{5624CD04-277D-AB4D-9B8A-54BCBB3C8835}.Release|x64.ActiveCfg = Release|x64
		{5624CD04-277D-AB4D-9B8A-54BCBB3C8835}.Release|x64.Build.0 = Release|x64
		{5624CD04-277D-AB4D-9B8A-54BCBB3C8835}.Debug|Win32.ActiveCfg = Debug|Win32
		{5624CD04-277D-AB4D-9B8A-54BCBB3C8835}.Debug|Win32.Build.0 = Debug|Win32
		{5624CD04-277D-AB4D-9B8A-54BCBB3C8835}.Debug|x64.ActiveCfg = Debug|x64
		{5624CD04-277D-AB4D-9B8A-54BCBB3C8835}.Debug|x64.Build.0 = Debug|x64
		{D9095F33-90D4-8742-885B-9CC858C67A96}.Release|Win32.ActiveCfg = Release|Win32
		{D9095F33-90D4-8742-885B-9CC858C67A96}.Release|Win32.Build.0 = Release|Win32
		{D9095F33-90D4-8742-885B-9CC858C67A96}.Release|x64.ActiveCfg = Release|x64
		{D9095F33-90D4-8742-885B-9CC858C67A96}.Release|x64.Build.0 = Release|x64
		{D9095F33-90D4-8742-885B-9CC858C67A96}.Debug|Win32.ActiveCfg = Debug|Win32
		{D9095F33-90D4-8742-885B-9CC858C67A96}.Debug|Win32.Build.0 = Debug|Win32
		{D9095F33-90D4-8742-885B-9CC858C67A96}.Debug|x64.ActiveCfg = Debug|x64
		{D9095F33-90D4-8742-885B-9CC858C67A96}.Debug|x64.Build.0 = Debug|x64
		{DCA42B3D-7155-9F41-BB83-80B648C82807}.Release|Win32.ActiveCfg = Release|Win32
		{DCA42B3D-7155-9F41-BB83-80B648C82807}.Release|Win32.Build.0 = Release|Win32
		{DCA42B3D-7155-9F41-BB83-80B648C82807}.Release|x64.ActiveCfg = Release|x64
		{DCA42B3D-7155-9F41-BB83-80B648C82807}.Release|x64.Build.0 = Release|x64
		{DCA42B3D-7155-9F41-BB83-80B648C82807}.Debug|Win32.ActiveCfg = Debug|Win32
		{DCA42B3D-7155-9F41-BB83-80B648C82807}.Debug|Win32.Build.0 = Debug|Win32
		{DCA42B3D-7155-9F41-BB83-80B648C82807}.Debug|x64.ActiveCfg = Debug|x64
		{DCA42B3D-7155-9F41-BB83-80B648C82807}.Debug|x64.Build.0 = Debug|x64
		{0DB3F13A-E95F-204F-98A4-F4468D54B902}.Release|Win32.ActiveCfg = Release|Win32
		{0DB3F13A-E95F-204F-98A4-F4468D54B902}.Release|Win32.Build.0 = Release|Win32
		{0DB3F13A-E95F-204F-98A4-F4468D54B902}.Release|x64.ActiveCfg = Release|x64
		{0DB3F13A-E95F-204F-98A4-F4468D54B902}.Release|x64.Build.0 = Release|x64
		{0DB3F13A-E95F-204F-98A4-F4468D54B902}.Debug|Win32.ActiveCfg = Debug|Win32
		{0DB3F13A-E95F-204F-98A4-F4468D54B902}.Debug|Win32.Build.0 = Debug|Win32
		{0DB3F13A-E95F-204F-98A4-F4468D54B902}.Debug|x64.ActiveCfg = Debug|x64
		{0DB3F13A-E95F-204F-98A4-F4468D54B902}.Debug|x64.Build.0 = Debug|x64
		{D40ACAD4-E611-7745-9B53-089B35FA57D3}.Release|Win32.ActiveCfg = Release|Win32
		{D40ACAD4-E611-7745-9B53-089B35FA57D3}.Release|Win32.Build.0 = Release|Win32
		{D40ACAD4-E611-7745-9B53-089B35FA57D3}.Release|x64.ActiveCfg = Release|x64
		{D40ACAD4-E611-7745-9B53-089B35FA57D3}.Release|x64.Build.0 = Release|x64
		{D40ACAD4-E611-7745-9B53-089B35FA57D3}.Debug|Win32.ActiveCfg = Debug|Win32
		{D40ACAD4-E611-7745-9B53-089B35FA57D3}.Debug|Win32.Build.0 = Debug|Win32
		{D40ACAD4-E611-7745-9B53-089B35FA57D3}.Debug|x64.ActiveCfg = Debug|x64
		{D40ACAD4-E611-7745-9B53-089B35FA57D3}.Debug|x64.Build.0 = Debug|x64
		{2B366D8D-80D3-C24C-8F7A-49AE523B17C9}.Release|Win32.ActiveCfg = Release|Win32
		{2B366D8D-80D3-C24C-8F7A-49AE523B17C9}.Release|Win32.Build.0 = Release|Win32
		{2B366D8D-80D3-C24C-8F7A-49AE523B17C9}.Release|x64.ActiveCfg = Release|x64
		{2B366D8D-80D3-C24C-8F7A-49AE523B17C9}.Release|x64.Build.0 = Release|x64
		{2B366D8D-80D3-C24C-8F7A-49AE523B17C9}.Debug|Win32.ActiveCfg = Debug|Win32
		{2B366D8D-80D3-C24C-8F7A-49AE523B17C9}.Debug|Win32.Build.0 = Debug|Win32
		{2B366D8D-80D3-C24C-8F7A-49AE523B17C9}.Debug|x64.ActiveCfg = Debug|x64
		{2B366D8D-80D3-C24C-8F7A-49AE523B17C9}.Debug|x64.Build.0 = Debug|x64
		{7AFC15B0-8F63-6A4A-B5F7-D033E59F69E0}.Release|Win32.ActiveCfg = Release|Win32
		{7AFC15B0-8F63-6A4A-B5F7-D033E59F69E0}.Release|Win32.Build.0 = Release|Win32
		{7AFC15B0-8F63-6A4A-B5F7-D033E59F69E0}.Release|x64.ActiveCfg = Release|x64
		{7AFC15B0-8F63-6A4A-B5F7-D033E59F69E0}.Release|x64.Build.0 = Release|x64
		{7AFC15B0-8F63-6A4A-B5F7-D033E59F69E0}.Debug|Win32.ActiveCfg = Debug|Win32
		{7AFC15B0-8F63-6A4A-B5F7-D033E59F69E0}.Debug|Win32.Build.0 = Debug|Win32
		{7AFC15B0-8F63-6A4A-B5F7-D033E59F69E0}.Debug|x64.ActiveCfg = Debug|x64
		{7AFC15B0-8F63-6A4A-B5F7-D033E59F69E0}.Debug|x64.Build.0 = Debug|x64
		{DA7E712A-5403-BE4C-AFDB-F62DB3FEABB0}.Release|Win32.ActiveCfg = Release|Win32
		{DA7E712A-5403-BE4C-AFDB-F62DB3FEABB0}.Release|Win32.Build.0 = Release|Win32
		{DA7E712A-5403-BE4C-AFDB-F62DB3FEABB0}.Release|x64.ActiveCfg = Release|x64
		{DA7E712A-5403-BE4C-AFDB-F62DB3FEABB0}.Release|x64.Build.0 = Release|x64
		{DA7E712A-5403-BE4C-AFDB-F62DB3FEABB0}.Debug|Win32.ActiveCfg = Debug|Win32
		{DA7E712A-5403-BE4C-AFDB-F62DB3FEABB0}.Debug|Win32.Build.0 = Debug|Win32
		{DA7E712A-5403-BE4C-AFDB-F62DB3FEABB0}.Debug|x64.ActiveCfg = Debug|x64
		{DA7E712A-5403-BE4C-AFDB-F62DB3FEABB0}.Debug|x64.Build.0 = Debug|x64
		{49444FD5-ABFC-A44B-ADFC-9473830125BD}.Release|Win32.ActiveCfg = Release|Win32
		{49444FD5-ABFC-A44B-ADFC-9473830125BD}.Release|Win32.Build.0 = Release|Win32
		{49444FD5-ABFC-A44B-ADFC-9473830125BD}.Release|x64.ActiveCfg = Release|x64
		{49444FD5-ABFC-A44B-ADFC-9473830125BD}.Release|x64.Build.0 = Release|x64
		{49444FD5-ABFC-A44B-ADFC-9473830125BD}.Debug|Win32.ActiveCfg = Debug|Win32
		{49444FD5-ABFC-A44B-ADFC-9473830125BD}.Debug|Win32.Build.0 = Debug|Win32
		{49444FD5-ABFC-A44B-ADFC-9473830125BD}.Debug|x64.ActiveCfg = Debug|x64
		{49444FD5-ABFC-A44B-ADFC-9473830125BD}.Debug|x64.Build.0 = Debug|x64
		{EC85915B-C455-1E49-8D2B-F237B3A233CA}.Release|Win32.ActiveCfg = Release|Win32
		{EC85915B-C455-1E49-8D2B-F237B3A233CA}.Release|Win32.Build.0 = Release|Win32
		{EC85915B-C455-1E49-8D2B-F237B3A233CA}.Release|x64.ActiveCfg = Release|x64
		{EC85915B-C455-1E49-8D2B-F237B3A233CA}.Release|x64.Build.0 = Release|x64
		{EC85915B-C455-1E49-8D2B-F237B3A233CA}.Debug|Win32.ActiveCfg = Debug|Win32
		{EC85915B-C455-1E49-8D2B-F237B3A233CA}.Debug|Win32.Build.0 = Debug|Win32
		{EC85915B-C455-1E49-8D2B-F237B3A233CA}.Debug|x64.ActiveCfg = Debug|x64
		{EC85915B-C455-1E49-8D2B-F237B3A233CA}.Debug|x64.Build.0 = Debug|x64
		{A641EB31-EA20-C441-905B-DDD5A8482E57}.Release|Win32.ActiveCfg = Release|Win32
		{A641EB31-EA20-C441-905B-DDD5A8482E57}.Release|Win32.Build.0 = Release|Win32
		{A641EB31-EA20-C441-905B-DDD5A8482E57}.Release|x64.ActiveCfg = Release|x64
		{A641EB31-EA20-C441-905B-DDD5A8482E57}.Release|x64.Build.0 = Release|x64
		{A641EB31-EA20-C441-905B-DDD5A8482E57}.Debug|Win32.ActiveCfg = Debug|Win32
		{A641EB31-EA20-C441-905B-DDD5A8482E57}.Debug|Win32.Build.0 = Debug|Win32
		{A641EB31-EA20-C441-905B-DDD5A8482E57}.Debug|x64.ActiveCfg = Debug|x64
		{A641EB31-EA20-C441-905B-DDD5A8482E57}.Debug|x64.Build.0 = Debug|x64
		{2C578EC8-D9E2-A34A-8B95-6B41624B9092}.Release|Win32.ActiveCfg = Release|Win32
		{2C578EC8-D9E2-A34A-8B95-6B41624B9092}.Release|Win32.Build.0 = Release|Win32
		{2C578EC8-D9E2-A34A-8B95-6B41624B9092}.Release|x64.ActiveCfg = Release|x64
		{2C578EC8-D9E2-A34A-8B95-6B41624B9092}.Release|x64.Build.0 = Release|x64
		{2C578EC8-D9E2-A34A-8B95-6B41624B9092}.Debug|Win32.ActiveCfg = Debug|Win32
		{2C578EC8-D9E2-A34A-8B95-6B41624B9092}.Debug|Win32.Build.0 = Debug|Win32
		{2C578EC8-D9E2-A34A-8B95-6B41624B9092}.Debug|x64.ActiveCfg = Debug|x64
		{2C578EC8-D9E2-A34A-8B95-6B41624B9092}.Debug|x64.Build.0 = Debug|x64
	EndGlobalSection
	GlobalSection(SolutionProperties) = preSolution
		HideSolutionNode = FALSE
	EndGlobalSection
EndGlobal
