<?xml version="1.0" encoding="utf-8"?>
<Project ToolsVersion="4.0" xmlns="http://schemas.microsoft.com/developer/msbuild/2003">
  <ItemGroup>
    <Filter Include="src">
      <UniqueIdentifier>{B6AC65A8-5CED-4846-A5F9-0A86C5FE2AA6}</UniqueIdentifier>
    </Filter>
    <Filter Include="src\clew">
      <UniqueIdentifier>{F038F3BD-5F94-244A-B87F-E818E56CD83C}</UniqueIdentifier>
    </Filter>
    <Filter Include="examples">
      <UniqueIdentifier>{B419FACF-8712-7847-A9A9-AA7D8A9A4E00}</UniqueIdentifier>
    </Filter>
    <Filter Include="examples\ThirdPartyLibs">
      <UniqueIdentifier>{81FACF34-E14E-4E43-8FE5-53F337B3A371}</UniqueIdentifier>
    </Filter>
    <Filter Include="examples\ThirdPartyLibs\glad">
      <UniqueIdentifier>{E90515F2-3954-CA46-A165-FB2CD0D45D8E}</UniqueIdentifier>
    </Filter>
    <Filter Include="examples\ExampleBrowser">
      <UniqueIdentifier>{B6AF3398-86D1-5643-AB8E-ACE920CDCB9C}</UniqueIdentifier>
    </Filter>
    <Filter Include="examples\Utils">
      <UniqueIdentifier>{BAED1104-7FFA-6B42-89BF-E3559AD8AA44}</UniqueIdentifier>
    </Filter>
    <Filter Include="examples\ExampleBrowser\GwenGUISupport">
      <UniqueIdentifier>{A41FAFC0-308C-0E43-998F-CBFD5E1C43BC}</UniqueIdentifier>
    </Filter>
  </ItemGroup>
  <ItemGroup>
    <ClInclude Include="..\..\src\clew\clew.h">
      <Filter>src\clew</Filter>
    </ClInclude>
    <ClInclude Include="..\..\examples\Utils\b3Clock.h">
      <Filter>examples\Utils</Filter>
    </ClInclude>
    <ClInclude Include="..\..\examples\Utils\ChromeTraceUtil.h">
      <Filter>examples\Utils</Filter>
    </ClInclude>
    <ClInclude Include="..\..\examples\ExampleBrowser\CollisionShape2TriangleMesh.h">
      <Filter>examples\ExampleBrowser</Filter>
    </ClInclude>
    <ClInclude Include="..\..\examples\ExampleBrowser\EmptyBrowser.h">
      <Filter>examples\ExampleBrowser</Filter>
    </ClInclude>
    <ClInclude Include="..\..\examples\ExampleBrowser\EmptyExample.h">
      <Filter>examples\ExampleBrowser</Filter>
    </ClInclude>
    <ClInclude Include="..\..\examples\ExampleBrowser\ExampleBrowserInterface.h">
      <Filter>examples\ExampleBrowser</Filter>
    </ClInclude>
    <ClInclude Include="..\..\examples\ExampleBrowser\ExampleEntries.h">
      <Filter>examples\ExampleBrowser</Filter>
    </ClInclude>
    <ClInclude Include="..\..\examples\ExampleBrowser\GL_ShapeDrawer.h">
      <Filter>examples\ExampleBrowser</Filter>
    </ClInclude>
    <ClInclude Include="..\..\examples\ExampleBrowser\InProcessExampleBrowser.h">
      <Filter>examples\ExampleBrowser</Filter>
    </ClInclude>
    <ClInclude Include="..\..\examples\ExampleBrowser\OpenGLExampleBrowser.h">
      <Filter>examples\ExampleBrowser</Filter>
    </ClInclude>
    <ClInclude Include="..\..\examples\ExampleBrowser\OpenGLGuiHelper.h">
      <Filter>examples\ExampleBrowser</Filter>
    </ClInclude>
    <ClInclude Include="..\..\examples\ExampleBrowser\GwenGUISupport\GraphingTexture.h">
      <Filter>examples\ExampleBrowser\GwenGUISupport</Filter>
    </ClInclude>
    <ClInclude Include="..\..\examples\ExampleBrowser\GwenGUISupport\gwenInternalData.h">
      <Filter>examples\ExampleBrowser\GwenGUISupport</Filter>
    </ClInclude>
    <ClInclude Include="..\..\examples\ExampleBrowser\GwenGUISupport\GwenParameterInterface.h">
      <Filter>examples\ExampleBrowser\GwenGUISupport</Filter>
    </ClInclude>
    <ClInclude Include="..\..\examples\ExampleBrowser\GwenGUISupport\GwenProfileWindow.h">
      <Filter>examples\ExampleBrowser\GwenGUISupport</Filter>
    </ClInclude>
    <ClInclude Include="..\..\examples\ExampleBrowser\GwenGUISupport\GwenTextureWindow.h">
      <Filter>examples\ExampleBrowser\GwenGUISupport</Filter>
    </ClInclude>
    <ClInclude Include="..\..\examples\ExampleBrowser\GwenGUISupport\gwenUserInterface.h">
      <Filter>examples\ExampleBrowser\GwenGUISupport</Filter>
    </ClInclude>
    <ClInclude Include="..\..\examples\Utils\b3ResourcePath.h">
      <Filter>examples\Utils</Filter>
    </ClInclude>
  </ItemGroup>
  <ItemGroup>
    <ClCompile Include="..\..\src\clew\clew.c">
      <Filter>src\clew</Filter>
    </ClCompile>
    <ClCompile Include="..\..\examples\ThirdPartyLibs\glad\gl.c">
      <Filter>examples\ThirdPartyLibs\glad</Filter>
    </ClCompile>
    <ClCompile Include="..\..\examples\ExampleBrowser\OpenGLExampleBrowser.cpp">
      <Filter>examples\ExampleBrowser</Filter>
    </ClCompile>
    <ClCompile Include="..\..\examples\ExampleBrowser\OpenGLGuiHelper.cpp">
      <Filter>examples\ExampleBrowser</Filter>
    </ClCompile>
    <ClCompile Include="..\..\examples\Utils\b3Clock.cpp">
      <Filter>examples\Utils</Filter>
    </ClCompile>
    <ClCompile Include="..\..\examples\Utils\ChromeTraceUtil.cpp">
      <Filter>examples\Utils</Filter>
    </ClCompile>
    <ClCompile Include="..\..\examples\ExampleBrowser\GwenGUISupport\GraphingTexture.cpp">
      <Filter>examples\ExampleBrowser\GwenGUISupport</Filter>
    </ClCompile>
    <ClCompile Include="..\..\examples\ExampleBrowser\GwenGUISupport\GwenParameterInterface.cpp">
      <Filter>examples\ExampleBrowser\GwenGUISupport</Filter>
    </ClCompile>
    <ClCompile Include="..\..\examples\ExampleBrowser\GwenGUISupport\GwenProfileWindow.cpp">
      <Filter>examples\ExampleBrowser\GwenGUISupport</Filter>
    </ClCompile>
    <ClCompile Include="..\..\examples\ExampleBrowser\GwenGUISupport\GwenTextureWindow.cpp">
      <Filter>examples\ExampleBrowser\GwenGUISupport</Filter>
    </ClCompile>
    <ClCompile Include="..\..\examples\ExampleBrowser\GwenGUISupport\gwenUserInterface.cpp">
      <Filter>examples\ExampleBrowser\GwenGUISupport</Filter>
    </ClCompile>
    <ClCompile Include="..\..\examples\ExampleBrowser\CollisionShape2TriangleMesh.cpp">
      <Filter>examples\ExampleBrowser</Filter>
    </ClCompile>
    <ClCompile Include="..\..\examples\Utils\b3ResourcePath.cpp">
      <Filter>examples\Utils</Filter>
    </ClCompile>
    <ClCompile Include="..\..\examples\ExampleBrowser\GL_ShapeDrawer.cpp">
      <Filter>examples\ExampleBrowser</Filter>
    </ClCompile>
    <ClCompile Include="..\..\examples\ExampleBrowser\InProcessExampleBrowser.cpp">
      <Filter>examples\ExampleBrowser</Filter>
    </ClCompile>
  </ItemGroup>
</Project>
